// !$*UTF8*$!
{
	archiveVersion = 1;
	classes = {
	};
	objectVersion = 46;
	objects = {

/* Begin PBXBuildFile section */
		219EFA1CD6375382F983CD0E /* libPods.a in Frameworks */ = {isa = PBXBuildFile; fileRef = 010CEBEAE3A45422C98259D0 /* libPods.a */; };
		C50E5C821B32DC7900C18E1F /* MapViewController.swift in Sources */ = {isa = PBXBuildFile; fileRef = C50E5C811B32DC7900C18E1F /* MapViewController.swift */; };
		C50E5C841B32DE4E00C18E1F /* FavViewController.swift in Sources */ = {isa = PBXBuildFile; fileRef = C50E5C831B32DE4E00C18E1F /* FavViewController.swift */; };
		C50E5C861B32DE6400C18E1F /* SettingsViewController.swift in Sources */ = {isa = PBXBuildFile; fileRef = C50E5C851B32DE6400C18E1F /* SettingsViewController.swift */; };
		C50E5C881B32E26500C18E1F /* PostAddViewController.swift in Sources */ = {isa = PBXBuildFile; fileRef = C50E5C871B32E26500C18E1F /* PostAddViewController.swift */; };
		C50E5C8D1B381BCB00C18E1F /* ParseServiceLocator.m in Sources */ = {isa = PBXBuildFile; fileRef = C50E5C8C1B381BCB00C18E1F /* ParseServiceLocator.m */; };
		C50E5C901B3820C600C18E1F /* GeoCoderService.m in Sources */ = {isa = PBXBuildFile; fileRef = C50E5C8F1B3820C600C18E1F /* GeoCoderService.m */; };
		C50E5C921B38284A00C18E1F /* LaunchingViewController.swift in Sources */ = {isa = PBXBuildFile; fileRef = C50E5C911B38284A00C18E1F /* LaunchingViewController.swift */; };
		C50E5C951B38421800C18E1F /* ProgressHUD.swift in Sources */ = {isa = PBXBuildFile; fileRef = C50E5C941B38421800C18E1F /* ProgressHUD.swift */; };
		C51846E71B0605BB00A36801 /* main.m in Sources */ = {isa = PBXBuildFile; fileRef = C51846E61B0605BB00A36801 /* main.m */; };
		C51846EA1B0605BB00A36801 /* AppDelegate.m in Sources */ = {isa = PBXBuildFile; fileRef = C51846E91B0605BB00A36801 /* AppDelegate.m */; };
		C51846ED1B0605BB00A36801 /* HomeViewController.m in Sources */ = {isa = PBXBuildFile; fileRef = C51846EC1B0605BB00A36801 /* HomeViewController.m */; };
		C51846F01B0605BB00A36801 /* MyChoiceViewController.m in Sources */ = {isa = PBXBuildFile; fileRef = C51846EF1B0605BB00A36801 /* MyChoiceViewController.m */; };
		C51846F31B0605BB00A36801 /* Main.storyboard in Resources */ = {isa = PBXBuildFile; fileRef = C51846F11B0605BB00A36801 /* Main.storyboard */; };
		C51846F51B0605BB00A36801 /* Images.xcassets in Resources */ = {isa = PBXBuildFile; fileRef = C51846F41B0605BB00A36801 /* Images.xcassets */; };
		C51846F81B0605BB00A36801 /* LaunchScreen.xib in Resources */ = {isa = PBXBuildFile; fileRef = C51846F61B0605BB00A36801 /* LaunchScreen.xib */; };
		C51847041B0605BB00A36801 /* HireACookTests.m in Sources */ = {isa = PBXBuildFile; fileRef = C51847031B0605BB00A36801 /* HireACookTests.m */; };
		C518470F1B062A3600A36801 /* FBSDKCoreKit.framework in Frameworks */ = {isa = PBXBuildFile; fileRef = C518470D1B062A3600A36801 /* FBSDKCoreKit.framework */; };
		C51847101B062A3700A36801 /* FBSDKLoginKit.framework in Frameworks */ = {isa = PBXBuildFile; fileRef = C518470E1B062A3600A36801 /* FBSDKLoginKit.framework */; };
		C54780A31B0883980006FE37 /* QuartzCore.framework in Frameworks */ = {isa = PBXBuildFile; fileRef = C54780A11B0883520006FE37 /* QuartzCore.framework */; };
		C54780A51B0883CD0006FE37 /* CoreLocation.framework in Frameworks */ = {isa = PBXBuildFile; fileRef = C54780A41B0883CD0006FE37 /* CoreLocation.framework */; };
		C54780A71B0883F70006FE37 /* AudioToolbox.framework in Frameworks */ = {isa = PBXBuildFile; fileRef = C54780A61B0883F70006FE37 /* AudioToolbox.framework */; };
		C54780A91B0884000006FE37 /* CFNetwork.framework in Frameworks */ = {isa = PBXBuildFile; fileRef = C54780A81B0884000006FE37 /* CFNetwork.framework */; };
		C54780AB1B08840E0006FE37 /* CoreGraphics.framework in Frameworks */ = {isa = PBXBuildFile; fileRef = C54780AA1B08840E0006FE37 /* CoreGraphics.framework */; };
		C54780AD1B0884210006FE37 /* MobileCoreServices.framework in Frameworks */ = {isa = PBXBuildFile; fileRef = C54780AC1B0884210006FE37 /* MobileCoreServices.framework */; };
		C54780AF1B0884320006FE37 /* Security.framework in Frameworks */ = {isa = PBXBuildFile; fileRef = C54780AE1B0884320006FE37 /* Security.framework */; };
		C54780B11B08843E0006FE37 /* StoreKit.framework in Frameworks */ = {isa = PBXBuildFile; fileRef = C54780B01B08843E0006FE37 /* StoreKit.framework */; };
		C54780B31B08844B0006FE37 /* SystemConfiguration.framework in Frameworks */ = {isa = PBXBuildFile; fileRef = C54780B21B08844B0006FE37 /* SystemConfiguration.framework */; };
		C54780B51B0884620006FE37 /* libz.dylib in Frameworks */ = {isa = PBXBuildFile; fileRef = C54780B41B0884620006FE37 /* libz.dylib */; };
		C54780B71B08846E0006FE37 /* libsqlite3.dylib in Frameworks */ = {isa = PBXBuildFile; fileRef = C54780B61B08846E0006FE37 /* libsqlite3.dylib */; };
		C54780B91B0884AD0006FE37 /* Parse.framework in Frameworks */ = {isa = PBXBuildFile; fileRef = C54780B81B0884AD0006FE37 /* Parse.framework */; };
		C54780BB1B0885F10006FE37 /* Accounts.framework in Frameworks */ = {isa = PBXBuildFile; fileRef = C54780BA1B0885F10006FE37 /* Accounts.framework */; };
		C54780BD1B0885F80006FE37 /* Social.framework in Frameworks */ = {isa = PBXBuildFile; fileRef = C54780BC1B0885F80006FE37 /* Social.framework */; };
		C54780BF1B0888030006FE37 /* Bolts.framework in Frameworks */ = {isa = PBXBuildFile; fileRef = C54780BE1B0888030006FE37 /* Bolts.framework */; };
		C54780C61B0E11570006FE37 /* HireACook.xcassets in Resources */ = {isa = PBXBuildFile; fileRef = C54780C51B0E11570006FE37 /* HireACook.xcassets */; };
/* End PBXBuildFile section */

/* Begin PBXContainerItemProxy section */
		C51846FE1B0605BB00A36801 /* PBXContainerItemProxy */ = {
			isa = PBXContainerItemProxy;
			containerPortal = C51846D91B0605BB00A36801 /* Project object */;
			proxyType = 1;
			remoteGlobalIDString = C51846E01B0605BB00A36801;
			remoteInfo = HireACook;
		};
/* End PBXContainerItemProxy section */

/* Begin PBXFileReference section */
		010CEBEAE3A45422C98259D0 /* libPods.a */ = {isa = PBXFileReference; explicitFileType = archive.ar; includeInIndex = 0; path = libPods.a; sourceTree = BUILT_PRODUCTS_DIR; };
		22B15C0A2018B0AF5E50844D /* Pods.release.xcconfig */ = {isa = PBXFileReference; includeInIndex = 1; lastKnownFileType = text.xcconfig; name = Pods.release.xcconfig; path = "Pods/Target Support Files/Pods/Pods.release.xcconfig"; sourceTree = "<group>"; };
		781880C1AB7B387FB986835A /* Pods.debug.xcconfig */ = {isa = PBXFileReference; includeInIndex = 1; lastKnownFileType = text.xcconfig; name = Pods.debug.xcconfig; path = "Pods/Target Support Files/Pods/Pods.debug.xcconfig"; sourceTree = "<group>"; };
		C50E5C801B32DC7800C18E1F /* HireACook-Bridging-Header.h */ = {isa = PBXFileReference; lastKnownFileType = sourcecode.c.h; path = "HireACook-Bridging-Header.h"; sourceTree = "<group>"; };
		C50E5C811B32DC7900C18E1F /* MapViewController.swift */ = {isa = PBXFileReference; fileEncoding = 4; lastKnownFileType = sourcecode.swift; path = MapViewController.swift; sourceTree = "<group>"; };
		C50E5C831B32DE4E00C18E1F /* FavViewController.swift */ = {isa = PBXFileReference; fileEncoding = 4; lastKnownFileType = sourcecode.swift; path = FavViewController.swift; sourceTree = "<group>"; };
		C50E5C851B32DE6400C18E1F /* SettingsViewController.swift */ = {isa = PBXFileReference; fileEncoding = 4; lastKnownFileType = sourcecode.swift; path = SettingsViewController.swift; sourceTree = "<group>"; };
		C50E5C871B32E26500C18E1F /* PostAddViewController.swift */ = {isa = PBXFileReference; fileEncoding = 4; lastKnownFileType = sourcecode.swift; path = PostAddViewController.swift; sourceTree = "<group>"; };
		C50E5C8B1B381BCB00C18E1F /* ParseServiceLocator.h */ = {isa = PBXFileReference; fileEncoding = 4; lastKnownFileType = sourcecode.c.h; name = ParseServiceLocator.h; path = ParseServices/ParseServiceLocator.h; sourceTree = "<group>"; };
		C50E5C8C1B381BCB00C18E1F /* ParseServiceLocator.m */ = {isa = PBXFileReference; fileEncoding = 4; lastKnownFileType = sourcecode.c.objc; name = ParseServiceLocator.m; path = ParseServices/ParseServiceLocator.m; sourceTree = "<group>"; };
		C50E5C8E1B3820C600C18E1F /* GeoCoderService.h */ = {isa = PBXFileReference; fileEncoding = 4; lastKnownFileType = sourcecode.c.h; path = GeoCoderService.h; sourceTree = "<group>"; };
		C50E5C8F1B3820C600C18E1F /* GeoCoderService.m */ = {isa = PBXFileReference; fileEncoding = 4; lastKnownFileType = sourcecode.c.objc; path = GeoCoderService.m; sourceTree = "<group>"; };
		C50E5C911B38284A00C18E1F /* LaunchingViewController.swift */ = {isa = PBXFileReference; fileEncoding = 4; lastKnownFileType = sourcecode.swift; path = LaunchingViewController.swift; sourceTree = "<group>"; };
		C50E5C941B38421800C18E1F /* ProgressHUD.swift */ = {isa = PBXFileReference; fileEncoding = 4; lastKnownFileType = sourcecode.swift; path = ProgressHUD.swift; sourceTree = "<group>"; };
		C51846E11B0605BB00A36801 /* HireACook.app */ = {isa = PBXFileReference; explicitFileType = wrapper.application; includeInIndex = 0; path = HireACook.app; sourceTree = BUILT_PRODUCTS_DIR; };
		C51846E51B0605BB00A36801 /* Info.plist */ = {isa = PBXFileReference; lastKnownFileType = text.plist.xml; path = Info.plist; sourceTree = "<group>"; };
		C51846E61B0605BB00A36801 /* main.m */ = {isa = PBXFileReference; lastKnownFileType = sourcecode.c.objc; path = main.m; sourceTree = "<group>"; };
		C51846E81B0605BB00A36801 /* AppDelegate.h */ = {isa = PBXFileReference; lastKnownFileType = sourcecode.c.h; path = AppDelegate.h; sourceTree = "<group>"; };
		C51846E91B0605BB00A36801 /* AppDelegate.m */ = {isa = PBXFileReference; lastKnownFileType = sourcecode.c.objc; path = AppDelegate.m; sourceTree = "<group>"; };
		C51846EB1B0605BB00A36801 /* HomeViewController.h */ = {isa = PBXFileReference; lastKnownFileType = sourcecode.c.h; path = HomeViewController.h; sourceTree = "<group>"; };
		C51846EC1B0605BB00A36801 /* HomeViewController.m */ = {isa = PBXFileReference; lastKnownFileType = sourcecode.c.objc; path = HomeViewController.m; sourceTree = "<group>"; };
		C51846EE1B0605BB00A36801 /* MyChoiceViewController.h */ = {isa = PBXFileReference; lastKnownFileType = sourcecode.c.h; path = MyChoiceViewController.h; sourceTree = "<group>"; };
		C51846EF1B0605BB00A36801 /* MyChoiceViewController.m */ = {isa = PBXFileReference; lastKnownFileType = sourcecode.c.objc; path = MyChoiceViewController.m; sourceTree = "<group>"; };
		C51846F21B0605BB00A36801 /* Base */ = {isa = PBXFileReference; lastKnownFileType = file.storyboard; name = Base; path = Base.lproj/Main.storyboard; sourceTree = "<group>"; };
		C51846F41B0605BB00A36801 /* Images.xcassets */ = {isa = PBXFileReference; lastKnownFileType = folder.assetcatalog; path = Images.xcassets; sourceTree = "<group>"; };
		C51846F71B0605BB00A36801 /* Base */ = {isa = PBXFileReference; lastKnownFileType = file.xib; name = Base; path = Base.lproj/LaunchScreen.xib; sourceTree = "<group>"; };
		C51846FD1B0605BB00A36801 /* HireACookTests.xctest */ = {isa = PBXFileReference; explicitFileType = wrapper.cfbundle; includeInIndex = 0; path = HireACookTests.xctest; sourceTree = BUILT_PRODUCTS_DIR; };
		C51847021B0605BB00A36801 /* Info.plist */ = {isa = PBXFileReference; lastKnownFileType = text.plist.xml; path = Info.plist; sourceTree = "<group>"; };
		C51847031B0605BB00A36801 /* HireACookTests.m */ = {isa = PBXFileReference; lastKnownFileType = sourcecode.c.objc; path = HireACookTests.m; sourceTree = "<group>"; };
		C518470D1B062A3600A36801 /* FBSDKCoreKit.framework */ = {isa = PBXFileReference; lastKnownFileType = wrapper.framework; path = FBSDKCoreKit.framework; sourceTree = "<group>"; };
		C518470E1B062A3600A36801 /* FBSDKLoginKit.framework */ = {isa = PBXFileReference; lastKnownFileType = wrapper.framework; path = FBSDKLoginKit.framework; sourceTree = "<group>"; };
		C54780A11B0883520006FE37 /* QuartzCore.framework */ = {isa = PBXFileReference; lastKnownFileType = wrapper.framework; name = QuartzCore.framework; path = System/Library/Frameworks/QuartzCore.framework; sourceTree = SDKROOT; };
		C54780A41B0883CD0006FE37 /* CoreLocation.framework */ = {isa = PBXFileReference; lastKnownFileType = wrapper.framework; name = CoreLocation.framework; path = System/Library/Frameworks/CoreLocation.framework; sourceTree = SDKROOT; };
		C54780A61B0883F70006FE37 /* AudioToolbox.framework */ = {isa = PBXFileReference; lastKnownFileType = wrapper.framework; name = AudioToolbox.framework; path = System/Library/Frameworks/AudioToolbox.framework; sourceTree = SDKROOT; };
		C54780A81B0884000006FE37 /* CFNetwork.framework */ = {isa = PBXFileReference; lastKnownFileType = wrapper.framework; name = CFNetwork.framework; path = System/Library/Frameworks/CFNetwork.framework; sourceTree = SDKROOT; };
		C54780AA1B08840E0006FE37 /* CoreGraphics.framework */ = {isa = PBXFileReference; lastKnownFileType = wrapper.framework; name = CoreGraphics.framework; path = System/Library/Frameworks/CoreGraphics.framework; sourceTree = SDKROOT; };
		C54780AC1B0884210006FE37 /* MobileCoreServices.framework */ = {isa = PBXFileReference; lastKnownFileType = wrapper.framework; name = MobileCoreServices.framework; path = System/Library/Frameworks/MobileCoreServices.framework; sourceTree = SDKROOT; };
		C54780AE1B0884320006FE37 /* Security.framework */ = {isa = PBXFileReference; lastKnownFileType = wrapper.framework; name = Security.framework; path = System/Library/Frameworks/Security.framework; sourceTree = SDKROOT; };
		C54780B01B08843E0006FE37 /* StoreKit.framework */ = {isa = PBXFileReference; lastKnownFileType = wrapper.framework; name = StoreKit.framework; path = System/Library/Frameworks/StoreKit.framework; sourceTree = SDKROOT; };
		C54780B21B08844B0006FE37 /* SystemConfiguration.framework */ = {isa = PBXFileReference; lastKnownFileType = wrapper.framework; name = SystemConfiguration.framework; path = System/Library/Frameworks/SystemConfiguration.framework; sourceTree = SDKROOT; };
		C54780B41B0884620006FE37 /* libz.dylib */ = {isa = PBXFileReference; lastKnownFileType = "compiled.mach-o.dylib"; name = libz.dylib; path = usr/lib/libz.dylib; sourceTree = SDKROOT; };
		C54780B61B08846E0006FE37 /* libsqlite3.dylib */ = {isa = PBXFileReference; lastKnownFileType = "compiled.mach-o.dylib"; name = libsqlite3.dylib; path = usr/lib/libsqlite3.dylib; sourceTree = SDKROOT; };
		C54780B81B0884AD0006FE37 /* Parse.framework */ = {isa = PBXFileReference; lastKnownFileType = wrapper.framework; path = Parse.framework; sourceTree = "<group>"; };
		C54780BA1B0885F10006FE37 /* Accounts.framework */ = {isa = PBXFileReference; lastKnownFileType = wrapper.framework; name = Accounts.framework; path = System/Library/Frameworks/Accounts.framework; sourceTree = SDKROOT; };
		C54780BC1B0885F80006FE37 /* Social.framework */ = {isa = PBXFileReference; lastKnownFileType = wrapper.framework; name = Social.framework; path = System/Library/Frameworks/Social.framework; sourceTree = SDKROOT; };
		C54780BE1B0888030006FE37 /* Bolts.framework */ = {isa = PBXFileReference; lastKnownFileType = wrapper.framework; path = Bolts.framework; sourceTree = "<group>"; };
		C54780C51B0E11570006FE37 /* HireACook.xcassets */ = {isa = PBXFileReference; lastKnownFileType = folder.assetcatalog; path = HireACook.xcassets; sourceTree = "<group>"; };
/* End PBXFileReference section */

/* Begin PBXFrameworksBuildPhase section */
		C51846DE1B0605BB00A36801 /* Frameworks */ = {
			isa = PBXFrameworksBuildPhase;
			buildActionMask = 2147483647;
			files = (
				C54780A51B0883CD0006FE37 /* CoreLocation.framework in Frameworks */,
				C54780BD1B0885F80006FE37 /* Social.framework in Frameworks */,
				C54780BB1B0885F10006FE37 /* Accounts.framework in Frameworks */,
				C54780B91B0884AD0006FE37 /* Parse.framework in Frameworks */,
				C54780B71B08846E0006FE37 /* libsqlite3.dylib in Frameworks */,
				C54780B51B0884620006FE37 /* libz.dylib in Frameworks */,
				C54780B31B08844B0006FE37 /* SystemConfiguration.framework in Frameworks */,
				C54780B11B08843E0006FE37 /* StoreKit.framework in Frameworks */,
				C54780AF1B0884320006FE37 /* Security.framework in Frameworks */,
				C54780AD1B0884210006FE37 /* MobileCoreServices.framework in Frameworks */,
				C54780AB1B08840E0006FE37 /* CoreGraphics.framework in Frameworks */,
				C54780A91B0884000006FE37 /* CFNetwork.framework in Frameworks */,
				C54780A71B0883F70006FE37 /* AudioToolbox.framework in Frameworks */,
				C51847101B062A3700A36801 /* FBSDKLoginKit.framework in Frameworks */,
				C518470F1B062A3600A36801 /* FBSDKCoreKit.framework in Frameworks */,
				C54780BF1B0888030006FE37 /* Bolts.framework in Frameworks */,
				C54780A31B0883980006FE37 /* QuartzCore.framework in Frameworks */,
				219EFA1CD6375382F983CD0E /* libPods.a in Frameworks */,
			);
			runOnlyForDeploymentPostprocessing = 0;
		};
		C51846FA1B0605BB00A36801 /* Frameworks */ = {
			isa = PBXFrameworksBuildPhase;
			buildActionMask = 2147483647;
			files = (
			);
			runOnlyForDeploymentPostprocessing = 0;
		};
/* End PBXFrameworksBuildPhase section */

/* Begin PBXGroup section */
		15F0F2B7D25B922615A66316 /* Frameworks */ = {
			isa = PBXGroup;
			children = (
				C54780BE1B0888030006FE37 /* Bolts.framework */,
				C54780BC1B0885F80006FE37 /* Social.framework */,
				C54780BA1B0885F10006FE37 /* Accounts.framework */,
				C54780B81B0884AD0006FE37 /* Parse.framework */,
				C54780B61B08846E0006FE37 /* libsqlite3.dylib */,
				C54780B41B0884620006FE37 /* libz.dylib */,
				C54780B21B08844B0006FE37 /* SystemConfiguration.framework */,
				C54780B01B08843E0006FE37 /* StoreKit.framework */,
				C54780AE1B0884320006FE37 /* Security.framework */,
				C54780AC1B0884210006FE37 /* MobileCoreServices.framework */,
				C54780AA1B08840E0006FE37 /* CoreGraphics.framework */,
				C54780A81B0884000006FE37 /* CFNetwork.framework */,
				C54780A61B0883F70006FE37 /* AudioToolbox.framework */,
				C54780A41B0883CD0006FE37 /* CoreLocation.framework */,
				C518470D1B062A3600A36801 /* FBSDKCoreKit.framework */,
				C518470E1B062A3600A36801 /* FBSDKLoginKit.framework */,
				C54780A11B0883520006FE37 /* QuartzCore.framework */,
				010CEBEAE3A45422C98259D0 /* libPods.a */,
			);
			name = Frameworks;
			sourceTree = "<group>";
		};
		C50E5C891B32E28A00C18E1F /* ViewControllers */ = {
			isa = PBXGroup;
			children = (
				C51846EB1B0605BB00A36801 /* HomeViewController.h */,
				C51846EC1B0605BB00A36801 /* HomeViewController.m */,
				C51846EE1B0605BB00A36801 /* MyChoiceViewController.h */,
				C51846EF1B0605BB00A36801 /* MyChoiceViewController.m */,
				C50E5C811B32DC7900C18E1F /* MapViewController.swift */,
				C50E5C831B32DE4E00C18E1F /* FavViewController.swift */,
				C50E5C851B32DE6400C18E1F /* SettingsViewController.swift */,
				C50E5C871B32E26500C18E1F /* PostAddViewController.swift */,
				C50E5C911B38284A00C18E1F /* LaunchingViewController.swift */,
			);
			name = ViewControllers;
			sourceTree = "<group>";
		};
		C50E5C8A1B381B3E00C18E1F /* ParseServices */ = {
			isa = PBXGroup;
			children = (
				C50E5C8B1B381BCB00C18E1F /* ParseServiceLocator.h */,
				C50E5C8C1B381BCB00C18E1F /* ParseServiceLocator.m */,
			);
			name = ParseServices;
			sourceTree = "<group>";
		};
		C50E5C931B3841EF00C18E1F /* ProgressHud */ = {
			isa = PBXGroup;
			children = (
				C50E5C941B38421800C18E1F /* ProgressHUD.swift */,
			);
			name = ProgressHud;
			sourceTree = "<group>";
		};
		C51846D81B0605BB00A36801 = {
			isa = PBXGroup;
			children = (
				C54780C51B0E11570006FE37 /* HireACook.xcassets */,
				C51846E31B0605BB00A36801 /* HireACook */,
				C51847001B0605BB00A36801 /* HireACookTests */,
				C51846E21B0605BB00A36801 /* Products */,
				F21F777717AA8FAE2A2F1063 /* Pods */,
				15F0F2B7D25B922615A66316 /* Frameworks */,
			);
			sourceTree = "<group>";
		};
		C51846E21B0605BB00A36801 /* Products */ = {
			isa = PBXGroup;
			children = (
				C51846E11B0605BB00A36801 /* HireACook.app */,
				C51846FD1B0605BB00A36801 /* HireACookTests.xctest */,
			);
			name = Products;
			sourceTree = "<group>";
		};
		C51846E31B0605BB00A36801 /* HireACook */ = {
			isa = PBXGroup;
			children = (
				C50E5C931B3841EF00C18E1F /* ProgressHud */,
				C50E5C8A1B381B3E00C18E1F /* ParseServices */,
				C50E5C891B32E28A00C18E1F /* ViewControllers */,
				C51846E81B0605BB00A36801 /* AppDelegate.h */,
				C51846E91B0605BB00A36801 /* AppDelegate.m */,
				C50E5C801B32DC7800C18E1F /* HireACook-Bridging-Header.h */,
				C51846F11B0605BB00A36801 /* Main.storyboard */,
				C51846F41B0605BB00A36801 /* Images.xcassets */,
				C51846F61B0605BB00A36801 /* LaunchScreen.xib */,
				C51846E41B0605BB00A36801 /* Supporting Files */,
				C50E5C8E1B3820C600C18E1F /* GeoCoderService.h */,
				C50E5C8F1B3820C600C18E1F /* GeoCoderService.m */,
			);
			path = HireACook;
			sourceTree = "<group>";
		};
		C51846E41B0605BB00A36801 /* Supporting Files */ = {
			isa = PBXGroup;
			children = (
				C51846E51B0605BB00A36801 /* Info.plist */,
				C51846E61B0605BB00A36801 /* main.m */,
			);
			name = "Supporting Files";
			sourceTree = "<group>";
		};
		C51847001B0605BB00A36801 /* HireACookTests */ = {
			isa = PBXGroup;
			children = (
				C51847031B0605BB00A36801 /* HireACookTests.m */,
				C51847011B0605BB00A36801 /* Supporting Files */,
			);
			path = HireACookTests;
			sourceTree = "<group>";
		};
		C51847011B0605BB00A36801 /* Supporting Files */ = {
			isa = PBXGroup;
			children = (
				C51847021B0605BB00A36801 /* Info.plist */,
			);
			name = "Supporting Files";
			sourceTree = "<group>";
		};
		F21F777717AA8FAE2A2F1063 /* Pods */ = {
			isa = PBXGroup;
			children = (
				781880C1AB7B387FB986835A /* Pods.debug.xcconfig */,
				22B15C0A2018B0AF5E50844D /* Pods.release.xcconfig */,
			);
			name = Pods;
			sourceTree = "<group>";
		};
/* End PBXGroup section */

/* Begin PBXNativeTarget section */
		C51846E01B0605BB00A36801 /* HireACook */ = {
			isa = PBXNativeTarget;
			buildConfigurationList = C51847071B0605BB00A36801 /* Build configuration list for PBXNativeTarget "HireACook" */;
			buildPhases = (
				C25A4D5108A404AF93EE8A0A /* Check Pods Manifest.lock */,
				C51846DD1B0605BB00A36801 /* Sources */,
				C51846DE1B0605BB00A36801 /* Frameworks */,
				C51846DF1B0605BB00A36801 /* Resources */,
				2706803125A8F3A6E4598E8E /* Copy Pods Resources */,
			);
			buildRules = (
			);
			dependencies = (
			);
			name = HireACook;
			productName = HireACook;
			productReference = C51846E11B0605BB00A36801 /* HireACook.app */;
			productType = "com.apple.product-type.application";
		};
		C51846FC1B0605BB00A36801 /* HireACookTests */ = {
			isa = PBXNativeTarget;
			buildConfigurationList = C518470A1B0605BB00A36801 /* Build configuration list for PBXNativeTarget "HireACookTests" */;
			buildPhases = (
				C51846F91B0605BB00A36801 /* Sources */,
				C51846FA1B0605BB00A36801 /* Frameworks */,
				C51846FB1B0605BB00A36801 /* Resources */,
			);
			buildRules = (
			);
			dependencies = (
				C51846FF1B0605BB00A36801 /* PBXTargetDependency */,
			);
			name = HireACookTests;
			productName = HireACookTests;
			productReference = C51846FD1B0605BB00A36801 /* HireACookTests.xctest */;
			productType = "com.apple.product-type.bundle.unit-test";
		};
/* End PBXNativeTarget section */

/* Begin PBXProject section */
		C51846D91B0605BB00A36801 /* Project object */ = {
			isa = PBXProject;
			attributes = {
				LastUpgradeCheck = 0630;
				ORGANIZATIONNAME = "Suman Chatterjee";
				TargetAttributes = {
					C51846E01B0605BB00A36801 = {
						CreatedOnToolsVersion = 6.3;
						DevelopmentTeam = 8VT29F6R7U;
					};
					C51846FC1B0605BB00A36801 = {
						CreatedOnToolsVersion = 6.3;
						TestTargetID = C51846E01B0605BB00A36801;
					};
				};
			};
			buildConfigurationList = C51846DC1B0605BB00A36801 /* Build configuration list for PBXProject "HireACook" */;
			compatibilityVersion = "Xcode 3.2";
			developmentRegion = English;
			hasScannedForEncodings = 0;
			knownRegions = (
				en,
				Base,
			);
			mainGroup = C51846D81B0605BB00A36801;
			productRefGroup = C51846E21B0605BB00A36801 /* Products */;
			projectDirPath = "";
			projectRoot = "";
			targets = (
				C51846E01B0605BB00A36801 /* HireACook */,
				C51846FC1B0605BB00A36801 /* HireACookTests */,
			);
		};
/* End PBXProject section */

/* Begin PBXResourcesBuildPhase section */
		C51846DF1B0605BB00A36801 /* Resources */ = {
			isa = PBXResourcesBuildPhase;
			buildActionMask = 2147483647;
			files = (
				C51846F31B0605BB00A36801 /* Main.storyboard in Resources */,
				C51846F81B0605BB00A36801 /* LaunchScreen.xib in Resources */,
				C51846F51B0605BB00A36801 /* Images.xcassets in Resources */,
				C54780C61B0E11570006FE37 /* HireACook.xcassets in Resources */,
			);
			runOnlyForDeploymentPostprocessing = 0;
		};
		C51846FB1B0605BB00A36801 /* Resources */ = {
			isa = PBXResourcesBuildPhase;
			buildActionMask = 2147483647;
			files = (
			);
			runOnlyForDeploymentPostprocessing = 0;
		};
/* End PBXResourcesBuildPhase section */

/* Begin PBXShellScriptBuildPhase section */
		2706803125A8F3A6E4598E8E /* Copy Pods Resources */ = {
			isa = PBXShellScriptBuildPhase;
			buildActionMask = 2147483647;
			files = (
			);
			inputPaths = (
			);
			name = "Copy Pods Resources";
			outputPaths = (
			);
			runOnlyForDeploymentPostprocessing = 0;
			shellPath = /bin/sh;
			shellScript = "\"${SRCROOT}/Pods/Target Support Files/Pods/Pods-resources.sh\"\n";
			showEnvVarsInLog = 0;
		};
		C25A4D5108A404AF93EE8A0A /* Check Pods Manifest.lock */ = {
			isa = PBXShellScriptBuildPhase;
			buildActionMask = 2147483647;
			files = (
			);
			inputPaths = (
			);
			name = "Check Pods Manifest.lock";
			outputPaths = (
			);
			runOnlyForDeploymentPostprocessing = 0;
			shellPath = /bin/sh;
			shellScript = "diff \"${PODS_ROOT}/../Podfile.lock\" \"${PODS_ROOT}/Manifest.lock\" > /dev/null\nif [[ $? != 0 ]] ; then\n    cat << EOM\nerror: The sandbox is not in sync with the Podfile.lock. Run 'pod install' or update your CocoaPods installation.\nEOM\n    exit 1\nfi\n";
			showEnvVarsInLog = 0;
		};
/* End PBXShellScriptBuildPhase section */

/* Begin PBXSourcesBuildPhase section */
		C51846DD1B0605BB00A36801 /* Sources */ = {
			isa = PBXSourcesBuildPhase;
			buildActionMask = 2147483647;
			files = (
				C50E5C841B32DE4E00C18E1F /* FavViewController.swift in Sources */,
				C51846F01B0605BB00A36801 /* MyChoiceViewController.m in Sources */,
				C50E5C951B38421800C18E1F /* ProgressHUD.swift in Sources */,
				C50E5C861B32DE6400C18E1F /* SettingsViewController.swift in Sources */,
				C50E5C921B38284A00C18E1F /* LaunchingViewController.swift in Sources */,
				C51846EA1B0605BB00A36801 /* AppDelegate.m in Sources */,
				C50E5C881B32E26500C18E1F /* PostAddViewController.swift in Sources */,
				C50E5C901B3820C600C18E1F /* GeoCoderService.m in Sources */,
				C51846ED1B0605BB00A36801 /* HomeViewController.m in Sources */,
				C50E5C821B32DC7900C18E1F /* MapViewController.swift in Sources */,
				C50E5C8D1B381BCB00C18E1F /* ParseServiceLocator.m in Sources */,
				C51846E71B0605BB00A36801 /* main.m in Sources */,
			);
			runOnlyForDeploymentPostprocessing = 0;
		};
		C51846F91B0605BB00A36801 /* Sources */ = {
			isa = PBXSourcesBuildPhase;
			buildActionMask = 2147483647;
			files = (
				C51847041B0605BB00A36801 /* HireACookTests.m in Sources */,
			);
			runOnlyForDeploymentPostprocessing = 0;
		};
/* End PBXSourcesBuildPhase section */

/* Begin PBXTargetDependency section */
		C51846FF1B0605BB00A36801 /* PBXTargetDependency */ = {
			isa = PBXTargetDependency;
			target = C51846E01B0605BB00A36801 /* HireACook */;
			targetProxy = C51846FE1B0605BB00A36801 /* PBXContainerItemProxy */;
		};
/* End PBXTargetDependency section */

/* Begin PBXVariantGroup section */
		C51846F11B0605BB00A36801 /* Main.storyboard */ = {
			isa = PBXVariantGroup;
			children = (
				C51846F21B0605BB00A36801 /* Base */,
			);
			name = Main.storyboard;
			sourceTree = "<group>";
		};
		C51846F61B0605BB00A36801 /* LaunchScreen.xib */ = {
			isa = PBXVariantGroup;
			children = (
				C51846F71B0605BB00A36801 /* Base */,
			);
			name = LaunchScreen.xib;
			sourceTree = "<group>";
		};
/* End PBXVariantGroup section */

/* Begin XCBuildConfiguration section */
		C51847051B0605BB00A36801 /* Debug */ = {
			isa = XCBuildConfiguration;
			buildSettings = {
				ALWAYS_SEARCH_USER_PATHS = NO;
				CLANG_CXX_LANGUAGE_STANDARD = "gnu++0x";
				CLANG_CXX_LIBRARY = "libc++";
				CLANG_ENABLE_MODULES = YES;
				CLANG_ENABLE_OBJC_ARC = YES;
				CLANG_WARN_BOOL_CONVERSION = YES;
				CLANG_WARN_CONSTANT_CONVERSION = YES;
				CLANG_WARN_DIRECT_OBJC_ISA_USAGE = YES_ERROR;
				CLANG_WARN_EMPTY_BODY = YES;
				CLANG_WARN_ENUM_CONVERSION = YES;
				CLANG_WARN_INT_CONVERSION = YES;
				CLANG_WARN_OBJC_ROOT_CLASS = YES_ERROR;
				CLANG_WARN_UNREACHABLE_CODE = YES;
				CLANG_WARN__DUPLICATE_METHOD_MATCH = YES;
				"CODE_SIGN_IDENTITY[sdk=iphoneos*]" = "iPhone Developer";
				COPY_PHASE_STRIP = NO;
				DEBUG_INFORMATION_FORMAT = "dwarf-with-dsym";
				ENABLE_STRICT_OBJC_MSGSEND = YES;
				GCC_C_LANGUAGE_STANDARD = gnu99;
				GCC_DYNAMIC_NO_PIC = NO;
				GCC_NO_COMMON_BLOCKS = YES;
				GCC_OPTIMIZATION_LEVEL = 0;
				GCC_PREPROCESSOR_DEFINITIONS = (
					"DEBUG=1",
					"$(inherited)",
				);
				GCC_SYMBOLS_PRIVATE_EXTERN = NO;
				GCC_WARN_64_TO_32_BIT_CONVERSION = YES;
				GCC_WARN_ABOUT_RETURN_TYPE = YES_ERROR;
				GCC_WARN_UNDECLARED_SELECTOR = YES;
				GCC_WARN_UNINITIALIZED_AUTOS = YES_AGGRESSIVE;
				GCC_WARN_UNUSED_FUNCTION = YES;
				GCC_WARN_UNUSED_VARIABLE = YES;
				IPHONEOS_DEPLOYMENT_TARGET = 8.3;
				MTL_ENABLE_DEBUG_INFO = YES;
				ONLY_ACTIVE_ARCH = YES;
				SDKROOT = iphoneos;
				TARGETED_DEVICE_FAMILY = "1,2";
			};
			name = Debug;
		};
		C51847061B0605BB00A36801 /* Release */ = {
			isa = XCBuildConfiguration;
			buildSettings = {
				ALWAYS_SEARCH_USER_PATHS = NO;
				CLANG_CXX_LANGUAGE_STANDARD = "gnu++0x";
				CLANG_CXX_LIBRARY = "libc++";
				CLANG_ENABLE_MODULES = YES;
				CLANG_ENABLE_OBJC_ARC = YES;
				CLANG_WARN_BOOL_CONVERSION = YES;
				CLANG_WARN_CONSTANT_CONVERSION = YES;
				CLANG_WARN_DIRECT_OBJC_ISA_USAGE = YES_ERROR;
				CLANG_WARN_EMPTY_BODY = YES;
				CLANG_WARN_ENUM_CONVERSION = YES;
				CLANG_WARN_INT_CONVERSION = YES;
				CLANG_WARN_OBJC_ROOT_CLASS = YES_ERROR;
				CLANG_WARN_UNREACHABLE_CODE = YES;
				CLANG_WARN__DUPLICATE_METHOD_MATCH = YES;
				"CODE_SIGN_IDENTITY[sdk=iphoneos*]" = "iPhone Developer";
				COPY_PHASE_STRIP = NO;
				DEBUG_INFORMATION_FORMAT = "dwarf-with-dsym";
				ENABLE_NS_ASSERTIONS = NO;
				ENABLE_STRICT_OBJC_MSGSEND = YES;
				GCC_C_LANGUAGE_STANDARD = gnu99;
				GCC_NO_COMMON_BLOCKS = YES;
				GCC_WARN_64_TO_32_BIT_CONVERSION = YES;
				GCC_WARN_ABOUT_RETURN_TYPE = YES_ERROR;
				GCC_WARN_UNDECLARED_SELECTOR = YES;
				GCC_WARN_UNINITIALIZED_AUTOS = YES_AGGRESSIVE;
				GCC_WARN_UNUSED_FUNCTION = YES;
				GCC_WARN_UNUSED_VARIABLE = YES;
				IPHONEOS_DEPLOYMENT_TARGET = 8.3;
				MTL_ENABLE_DEBUG_INFO = NO;
				SDKROOT = iphoneos;
				TARGETED_DEVICE_FAMILY = "1,2";
				VALIDATE_PRODUCT = YES;
			};
			name = Release;
		};
		C51847081B0605BB00A36801 /* Debug */ = {
			isa = XCBuildConfiguration;
			baseConfigurationReference = 781880C1AB7B387FB986835A /* Pods.debug.xcconfig */;
			buildSettings = {
				ASSETCATALOG_COMPILER_APPICON_NAME = AppIcon;
				CLANG_ENABLE_MODULES = YES;
				CODE_SIGN_IDENTITY = "iPhone Distribution: Suman Chatterjee (8VT29F6R7U)";
				"CODE_SIGN_IDENTITY[sdk=iphoneos*]" = "iPhone Distribution: Suman Chatterjee (8VT29F6R7U)";
				FRAMEWORK_SEARCH_PATHS = (
					"$(inherited)",
					"$(PROJECT_DIR)",
				);
				INFOPLIST_FILE = HireACook/Info.plist;
				LD_RUNPATH_SEARCH_PATHS = "$(inherited) @executable_path/Frameworks";
				PRODUCT_NAME = "$(TARGET_NAME)";
				PROVISIONING_PROFILE = "eebde462-b9b2-4181-8eb4-5a8ef6225d16";
				SWIFT_OBJC_BRIDGING_HEADER = "HireACook/HireACook-Bridging-Header.h";
				SWIFT_OPTIMIZATION_LEVEL = "-Onone";
				TARGETED_DEVICE_FAMILY = 1;
			};
			name = Debug;
		};
		C51847091B0605BB00A36801 /* Release */ = {
			isa = XCBuildConfiguration;
			baseConfigurationReference = 22B15C0A2018B0AF5E50844D /* Pods.release.xcconfig */;
			buildSettings = {
				ASSETCATALOG_COMPILER_APPICON_NAME = AppIcon;
				CLANG_ENABLE_MODULES = YES;
				CODE_SIGN_IDENTITY = "iPhone Distribution: Suman Chatterjee (8VT29F6R7U)";
				"CODE_SIGN_IDENTITY[sdk=iphoneos*]" = "iPhone Distribution: Suman Chatterjee (8VT29F6R7U)";
				FRAMEWORK_SEARCH_PATHS = (
					"$(inherited)",
					"$(PROJECT_DIR)",
				);
				INFOPLIST_FILE = HireACook/Info.plist;
				LD_RUNPATH_SEARCH_PATHS = "$(inherited) @executable_path/Frameworks";
				PRODUCT_NAME = "$(TARGET_NAME)";
				PROVISIONING_PROFILE = "eebde462-b9b2-4181-8eb4-5a8ef6225d16";
				SWIFT_OBJC_BRIDGING_HEADER = "HireACook/HireACook-Bridging-Header.h";
				TARGETED_DEVICE_FAMILY = 1;
			};
			name = Release;
		};
		C518470B1B0605BB00A36801 /* Debug */ = {
			isa = XCBuildConfiguration;
			buildSettings = {
				BUNDLE_LOADER = "$(TEST_HOST)";
				FRAMEWORK_SEARCH_PATHS = (
					"$(SDKROOT)/Developer/Library/Frameworks",
					"$(inherited)",
				);
				GCC_PREPROCESSOR_DEFINITIONS = (
					"DEBUG=1",
					"$(inherited)",
				);
				INFOPLIST_FILE = HireACookTests/Info.plist;
				LD_RUNPATH_SEARCH_PATHS = "$(inherited) @executable_path/Frameworks @loader_path/Frameworks";
				PRODUCT_NAME = "$(TARGET_NAME)";
				TEST_HOST = "$(BUILT_PRODUCTS_DIR)/HireACook.app/HireACook";
			};
			name = Debug;
		};
		C518470C1B0605BB00A36801 /* Release */ = {
			isa = XCBuildConfiguration;
			buildSettings = {
				BUNDLE_LOADER = "$(TEST_HOST)";
				FRAMEWORK_SEARCH_PATHS = (
					"$(SDKROOT)/Developer/Library/Frameworks",
					"$(inherited)",
				);
				INFOPLIST_FILE = HireACookTests/Info.plist;
				LD_RUNPATH_SEARCH_PATHS = "$(inherited) @executable_path/Frameworks @loader_path/Frameworks";
				PRODUCT_NAME = "$(TARGET_NAME)";
				TEST_HOST = "$(BUILT_PRODUCTS_DIR)/HireACook.app/HireACook";
			};
			name = Release;
		};
/* End XCBuildConfiguration section */

/* Begin XCConfigurationList section */
		C51846DC1B0605BB00A36801 /* Build configuration list for PBXProject "HireACook" */ = {
			isa = XCConfigurationList;
			buildConfigurations = (
				C51847051B0605BB00A36801 /* Debug */,
				C51847061B0605BB00A36801 /* Release */,
			);
			defaultConfigurationIsVisible = 0;
			defaultConfigurationName = Release;
		};
		C51847071B0605BB00A36801 /* Build configuration list for PBXNativeTarget "HireACook" */ = {
			isa = XCConfigurationList;
			buildConfigurations = (
				C51847081B0605BB00A36801 /* Debug */,
				C51847091B0605BB00A36801 /* Release */,
			);
			defaultConfigurationIsVisible = 0;
			defaultConfigurationName = Release;
		};
		C518470A1B0605BB00A36801 /* Build configuration list for PBXNativeTarget "HireACookTests" */ = {
			isa = XCConfigurationList;
			buildConfigurations = (
				C518470B1B0605BB00A36801 /* Debug */,
				C518470C1B0605BB00A36801 /* Release */,
			);
			defaultConfigurationIsVisible = 0;
			defaultConfigurationName = Release;
		};
/* End XCConfigurationList section */
	};
	rootObject = C51846D91B0605BB00A36801 /* Project object */;
}
