// !$*UTF8*$!
{
	archiveVersion = 1;
	classes = {
	};
	objectVersion = 46;
	objects = {

/* Begin PBXBuildFile section */
		219EFA1CD6375382F983CD0E /* libPods.a in Frameworks */ = {isa = PBXBuildFile; fileRef = 010CEBEAE3A45422C98259D0 /* libPods.a */; };
		C50E5C821B32DC7900C18E1F /* MapViewController.swift in Sources */ = {isa = PBXBuildFile; fileRef = C50E5C811B32DC7900C18E1F /* MapViewController.swift */; };
		C50E5C841B32DE4E00C18E1F /* FavViewController.swift in Sources */ = {isa = PBXBuildFile; fileRef = C50E5C831B32DE4E00C18E1F /* FavViewController.swift */; };
		C50E5C861B32DE6400C18E1F /* SettingsViewController.swift in Sources */ = {isa = PBXBuildFile; fileRef = C50E5C851B32DE6400C18E1F /* SettingsViewController.swift */; };
		C50E5C881B32E26500C18E1F /* PostAddViewController.swift in Sources */ = {isa = PBXBuildFile; fileRef = C50E5C871B32E26500C18E1F /* PostAddViewController.swift */; };
		C50E5C8D1B381BCB00C18E1F /* ParseServiceLocator.m in Sources */ = {isa = PBXBuildFile; fileRef = C50E5C8C1B381BCB00C18E1F /* ParseServiceLocator.m */; };
		C50E5C901B3820C600C18E1F /* GeoCoderService.m in Sources */ = {isa = PBXBuildFile; fileRef = C50E5C8F1B3820C600C18E1F /* GeoCoderService.m */; };
		C50E5C921B38284A00C18E1F /* LaunchingViewController.swift in Sources */ = {isa = PBXBuildFile; fileRef = C50E5C911B38284A00C18E1F /* LaunchingViewController.swift */; };
		C50E5C951B38421800C18E1F /* ProgressHUD.swift in Sources */ = {isa = PBXBuildFile; fileRef = C50E5C941B38421800C18E1F /* ProgressHUD.swift */; };
		C50E5C981B38707000C18E1F /* RegistrationViewController.m in Sources */ = {isa = PBXBuildFile; fileRef = C50E5C971B38707000C18E1F /* RegistrationViewController.m */; };
		C50E5CAB1B3DA79100C18E1F /* SACollectionViewVerticalScalingCell.m in Sources */ = {isa = PBXBuildFile; fileRef = C50E5CA81B3DA79100C18E1F /* SACollectionViewVerticalScalingCell.m */; };
		C50E5CAC1B3DA79100C18E1F /* SACollectionViewVerticalScalingFlowLayout.m in Sources */ = {isa = PBXBuildFile; fileRef = C50E5CAA1B3DA79100C18E1F /* SACollectionViewVerticalScalingFlowLayout.m */; };
		C51846E71B0605BB00A36801 /* main.m in Sources */ = {isa = PBXBuildFile; fileRef = C51846E61B0605BB00A36801 /* main.m */; };
		C51846EA1B0605BB00A36801 /* AppDelegate.m in Sources */ = {isa = PBXBuildFile; fileRef = C51846E91B0605BB00A36801 /* AppDelegate.m */; };
		C51846ED1B0605BB00A36801 /* HomeViewController.m in Sources */ = {isa = PBXBuildFile; fileRef = C51846EC1B0605BB00A36801 /* HomeViewController.m */; };
		C51846F01B0605BB00A36801 /* MyChoiceViewController.m in Sources */ = {isa = PBXBuildFile; fileRef = C51846EF1B0605BB00A36801 /* MyChoiceViewController.m */; };
		C51846F31B0605BB00A36801 /* Main.storyboard in Resources */ = {isa = PBXBuildFile; fileRef = C51846F11B0605BB00A36801 /* Main.storyboard */; };
		C51846F81B0605BB00A36801 /* LaunchScreen.xib in Resources */ = {isa = PBXBuildFile; fileRef = C51846F61B0605BB00A36801 /* LaunchScreen.xib */; };
		C51847041B0605BB00A36801 /* HireACookTests.m in Sources */ = {isa = PBXBuildFile; fileRef = C51847031B0605BB00A36801 /* HireACookTests.m */; };
		C518470F1B062A3600A36801 /* FBSDKCoreKit.framework in Frameworks */ = {isa = PBXBuildFile; fileRef = C518470D1B062A3600A36801 /* FBSDKCoreKit.framework */; };
		C51847101B062A3700A36801 /* FBSDKLoginKit.framework in Frameworks */ = {isa = PBXBuildFile; fileRef = C518470E1B062A3600A36801 /* FBSDKLoginKit.framework */; };
		C54780A31B0883980006FE37 /* QuartzCore.framework in Frameworks */ = {isa = PBXBuildFile; fileRef = C54780A11B0883520006FE37 /* QuartzCore.framework */; };
		C54780A51B0883CD0006FE37 /* CoreLocation.framework in Frameworks */ = {isa = PBXBuildFile; fileRef = C54780A41B0883CD0006FE37 /* CoreLocation.framework */; };
		C54780A71B0883F70006FE37 /* AudioToolbox.framework in Frameworks */ = {isa = PBXBuildFile; fileRef = C54780A61B0883F70006FE37 /* AudioToolbox.framework */; };
		C54780A91B0884000006FE37 /* CFNetwork.framework in Frameworks */ = {isa = PBXBuildFile; fileRef = C54780A81B0884000006FE37 /* CFNetwork.framework */; };
		C54780AB1B08840E0006FE37 /* CoreGraphics.framework in Frameworks */ = {isa = PBXBuildFile; fileRef = C54780AA1B08840E0006FE37 /* CoreGraphics.framework */; };
		C54780AD1B0884210006FE37 /* MobileCoreServices.framework in Frameworks */ = {isa = PBXBuildFile; fileRef = C54780AC1B0884210006FE37 /* MobileCoreServices.framework */; };
		C54780AF1B0884320006FE37 /* Security.framework in Frameworks */ = {isa = PBXBuildFile; fileRef = C54780AE1B0884320006FE37 /* Security.framework */; };
		C54780B11B08843E0006FE37 /* StoreKit.framework in Frameworks */ = {isa = PBXBuildFile; fileRef = C54780B01B08843E0006FE37 /* StoreKit.framework */; };
		C54780B31B08844B0006FE37 /* SystemConfiguration.framework in Frameworks */ = {isa = PBXBuildFile; fileRef = C54780B21B08844B0006FE37 /* SystemConfiguration.framework */; };
		C54780B51B0884620006FE37 /* libz.dylib in Frameworks */ = {isa = PBXBuildFile; fileRef = C54780B41B0884620006FE37 /* libz.dylib */; };
		C54780B71B08846E0006FE37 /* libsqlite3.dylib in Frameworks */ = {isa = PBXBuildFile; fileRef = C54780B61B08846E0006FE37 /* libsqlite3.dylib */; };
		C54780B91B0884AD0006FE37 /* Parse.framework in Frameworks */ = {isa = PBXBuildFile; fileRef = C54780B81B0884AD0006FE37 /* Parse.framework */; };
		C54780BB1B0885F10006FE37 /* Accounts.framework in Frameworks */ = {isa = PBXBuildFile; fileRef = C54780BA1B0885F10006FE37 /* Accounts.framework */; };
		C54780BD1B0885F80006FE37 /* Social.framework in Frameworks */ = {isa = PBXBuildFile; fileRef = C54780BC1B0885F80006FE37 /* Social.framework */; };
		C54780BF1B0888030006FE37 /* Bolts.framework in Frameworks */ = {isa = PBXBuildFile; fileRef = C54780BE1B0888030006FE37 /* Bolts.framework */; };
		C54780C61B0E11570006FE37 /* HireACook.xcassets in Resources */ = {isa = PBXBuildFile; fileRef = C54780C51B0E11570006FE37 /* HireACook.xcassets */; };
		C549BF691B7B85F900B817CC /* DisplayRecordView.m in Sources */ = {isa = PBXBuildFile; fileRef = C549BF681B7B85F900B817CC /* DisplayRecordView.m */; };
		C549BF6B1B7B861C00B817CC /* DisplayRecordView.xib in Resources */ = {isa = PBXBuildFile; fileRef = C549BF6A1B7B861C00B817CC /* DisplayRecordView.xib */; };
		C58F12641C01C095001487AD /* MapStoryboard.storyboard in Resources */ = {isa = PBXBuildFile; fileRef = C58F12631C01C095001487AD /* MapStoryboard.storyboard */; };
		C58F12661C01C8A6001487AD /* FevStoryboard.storyboard in Resources */ = {isa = PBXBuildFile; fileRef = C58F12651C01C8A6001487AD /* FevStoryboard.storyboard */; };
		C58F126A1C022E52001487AD /* CoreLocationService.swift in Sources */ = {isa = PBXBuildFile; fileRef = C58F12691C022E52001487AD /* CoreLocationService.swift */; };
		C5A80A7A1BE4C426008AC817 /* UIViewExtensionAnimation.swift in Sources */ = {isa = PBXBuildFile; fileRef = C5A80A791BE4C426008AC817 /* UIViewExtensionAnimation.swift */; };
		C5A80A7C1BE637E8008AC817 /* ValidationUtility.swift in Sources */ = {isa = PBXBuildFile; fileRef = C5A80A7B1BE637E8008AC817 /* ValidationUtility.swift */; };
		C5AF960B1CCA22F9009F2E42 /* GeneralFadeAnimator.swift in Sources */ = {isa = PBXBuildFile; fileRef = C5AF960A1CCA22F9009F2E42 /* GeneralFadeAnimator.swift */; };
		C5AF96111CCA322F009F2E42 /* HomeTitleView.m in Sources */ = {isa = PBXBuildFile; fileRef = C5AF96101CCA322F009F2E42 /* HomeTitleView.m */; };
		C5DB4F321B5035DC00464E28 /* ProviderData.m in Sources */ = {isa = PBXBuildFile; fileRef = C5DB4F311B5035DC00464E28 /* ProviderData.m */; };
		C5DB4F351B5107A900464E28 /* GeoPoints.m in Sources */ = {isa = PBXBuildFile; fileRef = C5DB4F341B5107A900464E28 /* GeoPoints.m */; };
		C5DCEEBF1B4573800093EFB5 /* HireACook.xcdatamodeld in Sources */ = {isa = PBXBuildFile; fileRef = C5DCEEBD1B4573800093EFB5 /* HireACook.xcdatamodeld */; };
		C5DCEEC21B4595920093EFB5 /* CoreDataOperation.m in Sources */ = {isa = PBXBuildFile; fileRef = C5DCEEC11B4595920093EFB5 /* CoreDataOperation.m */; };
		C5DCEED31B4AC1F00093EFB5 /* Providermedia.m in Sources */ = {isa = PBXBuildFile; fileRef = C5DCEECE1B4AC1F00093EFB5 /* Providermedia.m */; };
		C5E2C8171B4541EB001498D4 /* CoreDataErrorHandling.m in Sources */ = {isa = PBXBuildFile; fileRef = C5E2C8121B4541EB001498D4 /* CoreDataErrorHandling.m */; };
		C5E2C8181B4541EB001498D4 /* NSManagedObject+CoreDataHandler.m in Sources */ = {isa = PBXBuildFile; fileRef = C5E2C8141B4541EB001498D4 /* NSManagedObject+CoreDataHandler.m */; };
		C5E2C8191B4541EB001498D4 /* NSManagedObjectContext+Helper.m in Sources */ = {isa = PBXBuildFile; fileRef = C5E2C8161B4541EB001498D4 /* NSManagedObjectContext+Helper.m */; };
		C5E6DD471BCA4C910067A364 /* UIColor+colorWithHex.m in Sources */ = {isa = PBXBuildFile; fileRef = C5E6DD421BCA4C910067A364 /* UIColor+colorWithHex.m */; };
		C5E6DD481BCA4C910067A364 /* UIImage+ImageColor.m in Sources */ = {isa = PBXBuildFile; fileRef = C5E6DD441BCA4C910067A364 /* UIImage+ImageColor.m */; };
		C5E6DD491BCA4C910067A364 /* UIView+QuickNibs.m in Sources */ = {isa = PBXBuildFile; fileRef = C5E6DD461BCA4C910067A364 /* UIView+QuickNibs.m */; };
/* End PBXBuildFile section */

/* Begin PBXContainerItemProxy section */
		C51846FE1B0605BB00A36801 /* PBXContainerItemProxy */ = {
			isa = PBXContainerItemProxy;
			containerPortal = C51846D91B0605BB00A36801 /* Project object */;
			proxyType = 1;
			remoteGlobalIDString = C51846E01B0605BB00A36801;
			remoteInfo = HireACook;
		};
/* End PBXContainerItemProxy section */

/* Begin PBXFileReference section */
		010CEBEAE3A45422C98259D0 /* libPods.a */ = {isa = PBXFileReference; explicitFileType = archive.ar; includeInIndex = 0; path = libPods.a; sourceTree = BUILT_PRODUCTS_DIR; };
		22B15C0A2018B0AF5E50844D /* Pods.release.xcconfig */ = {isa = PBXFileReference; includeInIndex = 1; lastKnownFileType = text.xcconfig; name = Pods.release.xcconfig; path = "Pods/Target Support Files/Pods/Pods.release.xcconfig"; sourceTree = "<group>"; };
		781880C1AB7B387FB986835A /* Pods.debug.xcconfig */ = {isa = PBXFileReference; includeInIndex = 1; lastKnownFileType = text.xcconfig; name = Pods.debug.xcconfig; path = "Pods/Target Support Files/Pods/Pods.debug.xcconfig"; sourceTree = "<group>"; };
		C50E5C801B32DC7800C18E1F /* HireACook-Bridging-Header.h */ = {isa = PBXFileReference; lastKnownFileType = sourcecode.c.h; path = "HireACook-Bridging-Header.h"; sourceTree = "<group>"; };
		C50E5C811B32DC7900C18E1F /* MapViewController.swift */ = {isa = PBXFileReference; fileEncoding = 4; lastKnownFileType = sourcecode.swift; path = MapViewController.swift; sourceTree = "<group>"; };
		C50E5C831B32DE4E00C18E1F /* FavViewController.swift */ = {isa = PBXFileReference; fileEncoding = 4; lastKnownFileType = sourcecode.swift; path = FavViewController.swift; sourceTree = "<group>"; };
		C50E5C851B32DE6400C18E1F /* SettingsViewController.swift */ = {isa = PBXFileReference; fileEncoding = 4; lastKnownFileType = sourcecode.swift; path = SettingsViewController.swift; sourceTree = "<group>"; };
		C50E5C871B32E26500C18E1F /* PostAddViewController.swift */ = {isa = PBXFileReference; fileEncoding = 4; lastKnownFileType = sourcecode.swift; path = PostAddViewController.swift; sourceTree = "<group>"; };
		C50E5C8B1B381BCB00C18E1F /* ParseServiceLocator.h */ = {isa = PBXFileReference; fileEncoding = 4; lastKnownFileType = sourcecode.c.h; name = ParseServiceLocator.h; path = ParseServices/ParseServiceLocator.h; sourceTree = "<group>"; };
		C50E5C8C1B381BCB00C18E1F /* ParseServiceLocator.m */ = {isa = PBXFileReference; fileEncoding = 4; lastKnownFileType = sourcecode.c.objc; name = ParseServiceLocator.m; path = ParseServices/ParseServiceLocator.m; sourceTree = "<group>"; };
		C50E5C8E1B3820C600C18E1F /* GeoCoderService.h */ = {isa = PBXFileReference; fileEncoding = 4; lastKnownFileType = sourcecode.c.h; path = GeoCoderService.h; sourceTree = "<group>"; };
		C50E5C8F1B3820C600C18E1F /* GeoCoderService.m */ = {isa = PBXFileReference; fileEncoding = 4; lastKnownFileType = sourcecode.c.objc; path = GeoCoderService.m; sourceTree = "<group>"; };
		C50E5C911B38284A00C18E1F /* LaunchingViewController.swift */ = {isa = PBXFileReference; fileEncoding = 4; lastKnownFileType = sourcecode.swift; path = LaunchingViewController.swift; sourceTree = "<group>"; };
		C50E5C941B38421800C18E1F /* ProgressHUD.swift */ = {isa = PBXFileReference; fileEncoding = 4; lastKnownFileType = sourcecode.swift; path = ProgressHUD.swift; sourceTree = "<group>"; };
		C50E5C961B38707000C18E1F /* RegistrationViewController.h */ = {isa = PBXFileReference; fileEncoding = 4; lastKnownFileType = sourcecode.c.h; path = RegistrationViewController.h; sourceTree = "<group>"; };
		C50E5C971B38707000C18E1F /* RegistrationViewController.m */ = {isa = PBXFileReference; fileEncoding = 4; lastKnownFileType = sourcecode.c.objc; path = RegistrationViewController.m; sourceTree = "<group>"; };
		C50E5CA71B3DA79100C18E1F /* SACollectionViewVerticalScalingCell.h */ = {isa = PBXFileReference; fileEncoding = 4; lastKnownFileType = sourcecode.c.h; path = SACollectionViewVerticalScalingCell.h; sourceTree = "<group>"; };
		C50E5CA81B3DA79100C18E1F /* SACollectionViewVerticalScalingCell.m */ = {isa = PBXFileReference; fileEncoding = 4; lastKnownFileType = sourcecode.c.objc; path = SACollectionViewVerticalScalingCell.m; sourceTree = "<group>"; };
		C50E5CA91B3DA79100C18E1F /* SACollectionViewVerticalScalingFlowLayout.h */ = {isa = PBXFileReference; fileEncoding = 4; lastKnownFileType = sourcecode.c.h; path = SACollectionViewVerticalScalingFlowLayout.h; sourceTree = "<group>"; };
		C50E5CAA1B3DA79100C18E1F /* SACollectionViewVerticalScalingFlowLayout.m */ = {isa = PBXFileReference; fileEncoding = 4; lastKnownFileType = sourcecode.c.objc; path = SACollectionViewVerticalScalingFlowLayout.m; sourceTree = "<group>"; };
		C51846E11B0605BB00A36801 /* HireACook.app */ = {isa = PBXFileReference; explicitFileType = wrapper.application; includeInIndex = 0; path = HireACook.app; sourceTree = BUILT_PRODUCTS_DIR; };
		C51846E51B0605BB00A36801 /* Info.plist */ = {isa = PBXFileReference; lastKnownFileType = text.plist.xml; path = Info.plist; sourceTree = "<group>"; };
		C51846E61B0605BB00A36801 /* main.m */ = {isa = PBXFileReference; lastKnownFileType = sourcecode.c.objc; path = main.m; sourceTree = "<group>"; };
		C51846E81B0605BB00A36801 /* AppDelegate.h */ = {isa = PBXFileReference; lastKnownFileType = sourcecode.c.h; path = AppDelegate.h; sourceTree = "<group>"; };
		C51846E91B0605BB00A36801 /* AppDelegate.m */ = {isa = PBXFileReference; lastKnownFileType = sourcecode.c.objc; path = AppDelegate.m; sourceTree = "<group>"; };
		C51846EB1B0605BB00A36801 /* HomeViewController.h */ = {isa = PBXFileReference; lastKnownFileType = sourcecode.c.h; path = HomeViewController.h; sourceTree = "<group>"; };
		C51846EC1B0605BB00A36801 /* HomeViewController.m */ = {isa = PBXFileReference; lastKnownFileType = sourcecode.c.objc; path = HomeViewController.m; sourceTree = "<group>"; };
		C51846EE1B0605BB00A36801 /* MyChoiceViewController.h */ = {isa = PBXFileReference; lastKnownFileType = sourcecode.c.h; path = MyChoiceViewController.h; sourceTree = "<group>"; };
		C51846EF1B0605BB00A36801 /* MyChoiceViewController.m */ = {isa = PBXFileReference; lastKnownFileType = sourcecode.c.objc; path = MyChoiceViewController.m; sourceTree = "<group>"; };
		C51846F21B0605BB00A36801 /* Base */ = {isa = PBXFileReference; lastKnownFileType = file.storyboard; name = Base; path = Base.lproj/Main.storyboard; sourceTree = "<group>"; };
		C51846F71B0605BB00A36801 /* Base */ = {isa = PBXFileReference; lastKnownFileType = file.xib; name = Base; path = Base.lproj/LaunchScreen.xib; sourceTree = "<group>"; };
		C51846FD1B0605BB00A36801 /* HireACookTests.xctest */ = {isa = PBXFileReference; explicitFileType = wrapper.cfbundle; includeInIndex = 0; path = HireACookTests.xctest; sourceTree = BUILT_PRODUCTS_DIR; };
		C51847021B0605BB00A36801 /* Info.plist */ = {isa = PBXFileReference; lastKnownFileType = text.plist.xml; path = Info.plist; sourceTree = "<group>"; };
		C51847031B0605BB00A36801 /* HireACookTests.m */ = {isa = PBXFileReference; lastKnownFileType = sourcecode.c.objc; path = HireACookTests.m; sourceTree = "<group>"; };
		C518470D1B062A3600A36801 /* FBSDKCoreKit.framework */ = {isa = PBXFileReference; lastKnownFileType = wrapper.framework; path = FBSDKCoreKit.framework; sourceTree = "<group>"; };
		C518470E1B062A3600A36801 /* FBSDKLoginKit.framework */ = {isa = PBXFileReference; lastKnownFileType = wrapper.framework; path = FBSDKLoginKit.framework; sourceTree = "<group>"; };
		C54780A11B0883520006FE37 /* QuartzCore.framework */ = {isa = PBXFileReference; lastKnownFileType = wrapper.framework; name = QuartzCore.framework; path = System/Library/Frameworks/QuartzCore.framework; sourceTree = SDKROOT; };
		C54780A41B0883CD0006FE37 /* CoreLocation.framework */ = {isa = PBXFileReference; lastKnownFileType = wrapper.framework; name = CoreLocation.framework; path = System/Library/Frameworks/CoreLocation.framework; sourceTree = SDKROOT; };
		C54780A61B0883F70006FE37 /* AudioToolbox.framework */ = {isa = PBXFileReference; lastKnownFileType = wrapper.framework; name = AudioToolbox.framework; path = System/Library/Frameworks/AudioToolbox.framework; sourceTree = SDKROOT; };
		C54780A81B0884000006FE37 /* CFNetwork.framework */ = {isa = PBXFileReference; lastKnownFileType = wrapper.framework; name = CFNetwork.framework; path = System/Library/Frameworks/CFNetwork.framework; sourceTree = SDKROOT; };
		C54780AA1B08840E0006FE37 /* CoreGraphics.framework */ = {isa = PBXFileReference; lastKnownFileType = wrapper.framework; name = CoreGraphics.framework; path = System/Library/Frameworks/CoreGraphics.framework; sourceTree = SDKROOT; };
		C54780AC1B0884210006FE37 /* MobileCoreServices.framework */ = {isa = PBXFileReference; lastKnownFileType = wrapper.framework; name = MobileCoreServices.framework; path = System/Library/Frameworks/MobileCoreServices.framework; sourceTree = SDKROOT; };
		C54780AE1B0884320006FE37 /* Security.framework */ = {isa = PBXFileReference; lastKnownFileType = wrapper.framework; name = Security.framework; path = System/Library/Frameworks/Security.framework; sourceTree = SDKROOT; };
		C54780B01B08843E0006FE37 /* StoreKit.framework */ = {isa = PBXFileReference; lastKnownFileType = wrapper.framework; name = StoreKit.framework; path = System/Library/Frameworks/StoreKit.framework; sourceTree = SDKROOT; };
		C54780B21B08844B0006FE37 /* SystemConfiguration.framework */ = {isa = PBXFileReference; lastKnownFileType = wrapper.framework; name = SystemConfiguration.framework; path = System/Library/Frameworks/SystemConfiguration.framework; sourceTree = SDKROOT; };
		C54780B41B0884620006FE37 /* libz.dylib */ = {isa = PBXFileReference; lastKnownFileType = "compiled.mach-o.dylib"; name = libz.dylib; path = usr/lib/libz.dylib; sourceTree = SDKROOT; };
		C54780B61B08846E0006FE37 /* libsqlite3.dylib */ = {isa = PBXFileReference; lastKnownFileType = "compiled.mach-o.dylib"; name = libsqlite3.dylib; path = usr/lib/libsqlite3.dylib; sourceTree = SDKROOT; };
		C54780B81B0884AD0006FE37 /* Parse.framework */ = {isa = PBXFileReference; lastKnownFileType = wrapper.framework; path = Parse.framework; sourceTree = "<group>"; };
		C54780BA1B0885F10006FE37 /* Accounts.framework */ = {isa = PBXFileReference; lastKnownFileType = wrapper.framework; name = Accounts.framework; path = System/Library/Frameworks/Accounts.framework; sourceTree = SDKROOT; };
		C54780BC1B0885F80006FE37 /* Social.framework */ = {isa = PBXFileReference; lastKnownFileType = wrapper.framework; name = Social.framework; path = System/Library/Frameworks/Social.framework; sourceTree = SDKROOT; };
		C54780BE1B0888030006FE37 /* Bolts.framework */ = {isa = PBXFileReference; lastKnownFileType = wrapper.framework; path = Bolts.framework; sourceTree = "<group>"; };
		C54780C51B0E11570006FE37 /* HireACook.xcassets */ = {isa = PBXFileReference; lastKnownFileType = folder.assetcatalog; path = HireACook.xcassets; sourceTree = "<group>"; };
		C549BF671B7B85F900B817CC /* DisplayRecordView.h */ = {isa = PBXFileReference; fileEncoding = 4; lastKnownFileType = sourcecode.c.h; path = DisplayRecordView.h; sourceTree = "<group>"; };
		C549BF681B7B85F900B817CC /* DisplayRecordView.m */ = {isa = PBXFileReference; fileEncoding = 4; lastKnownFileType = sourcecode.c.objc; path = DisplayRecordView.m; sourceTree = "<group>"; };
		C549BF6A1B7B861C00B817CC /* DisplayRecordView.xib */ = {isa = PBXFileReference; fileEncoding = 4; lastKnownFileType = file.xib; path = DisplayRecordView.xib; sourceTree = "<group>"; };
		C58F12631C01C095001487AD /* MapStoryboard.storyboard */ = {isa = PBXFileReference; fileEncoding = 4; lastKnownFileType = file.storyboard; path = MapStoryboard.storyboard; sourceTree = "<group>"; };
		C58F12651C01C8A6001487AD /* FevStoryboard.storyboard */ = {isa = PBXFileReference; fileEncoding = 4; lastKnownFileType = file.storyboard; path = FevStoryboard.storyboard; sourceTree = "<group>"; };
		C58F12691C022E52001487AD /* CoreLocationService.swift */ = {isa = PBXFileReference; fileEncoding = 4; lastKnownFileType = sourcecode.swift; path = CoreLocationService.swift; sourceTree = "<group>"; };
		C5A80A791BE4C426008AC817 /* UIViewExtensionAnimation.swift */ = {isa = PBXFileReference; fileEncoding = 4; lastKnownFileType = sourcecode.swift; path = UIViewExtensionAnimation.swift; sourceTree = "<group>"; };
		C5A80A7B1BE637E8008AC817 /* ValidationUtility.swift */ = {isa = PBXFileReference; fileEncoding = 4; lastKnownFileType = sourcecode.swift; path = ValidationUtility.swift; sourceTree = "<group>"; };
		C5AF960A1CCA22F9009F2E42 /* GeneralFadeAnimator.swift */ = {isa = PBXFileReference; fileEncoding = 4; lastKnownFileType = sourcecode.swift; path = GeneralFadeAnimator.swift; sourceTree = "<group>"; };
		C5AF960F1CCA322F009F2E42 /* HomeTitleView.h */ = {isa = PBXFileReference; fileEncoding = 4; lastKnownFileType = sourcecode.c.h; path = HomeTitleView.h; sourceTree = "<group>"; };
		C5AF96101CCA322F009F2E42 /* HomeTitleView.m */ = {isa = PBXFileReference; fileEncoding = 4; lastKnownFileType = sourcecode.c.objc; path = HomeTitleView.m; sourceTree = "<group>"; };
		C5DB4F301B5035DC00464E28 /* ProviderData.h */ = {isa = PBXFileReference; fileEncoding = 4; lastKnownFileType = sourcecode.c.h; name = ProviderData.h; path = ../ProviderData.h; sourceTree = "<group>"; };
		C5DB4F311B5035DC00464E28 /* ProviderData.m */ = {isa = PBXFileReference; fileEncoding = 4; lastKnownFileType = sourcecode.c.objc; name = ProviderData.m; path = ../ProviderData.m; sourceTree = "<group>"; };
		C5DB4F331B5107A900464E28 /* GeoPoints.h */ = {isa = PBXFileReference; fileEncoding = 4; lastKnownFileType = sourcecode.c.h; name = GeoPoints.h; path = ../GeoPoints.h; sourceTree = "<group>"; };
		C5DB4F341B5107A900464E28 /* GeoPoints.m */ = {isa = PBXFileReference; fileEncoding = 4; lastKnownFileType = sourcecode.c.objc; name = GeoPoints.m; path = ../GeoPoints.m; sourceTree = "<group>"; };
		C5DCEEBE1B4573800093EFB5 /* HireACook.xcdatamodel */ = {isa = PBXFileReference; lastKnownFileType = wrapper.xcdatamodel; path = HireACook.xcdatamodel; sourceTree = "<group>"; };
		C5DCEEC01B4595920093EFB5 /* CoreDataOperation.h */ = {isa = PBXFileReference; fileEncoding = 4; lastKnownFileType = sourcecode.c.h; path = CoreDataOperation.h; sourceTree = "<group>"; };
		C5DCEEC11B4595920093EFB5 /* CoreDataOperation.m */ = {isa = PBXFileReference; fileEncoding = 4; lastKnownFileType = sourcecode.c.objc; path = CoreDataOperation.m; sourceTree = "<group>"; };
		C5DCEECD1B4AC1F00093EFB5 /* Providermedia.h */ = {isa = PBXFileReference; fileEncoding = 4; lastKnownFileType = sourcecode.c.h; path = Providermedia.h; sourceTree = "<group>"; };
		C5DCEECE1B4AC1F00093EFB5 /* Providermedia.m */ = {isa = PBXFileReference; fileEncoding = 4; lastKnownFileType = sourcecode.c.objc; path = Providermedia.m; sourceTree = "<group>"; };
		C5DCEED61B4AD7BB0093EFB5 /* HireACook-PrefixHeader.pch */ = {isa = PBXFileReference; lastKnownFileType = sourcecode.c.h; path = "HireACook-PrefixHeader.pch"; sourceTree = "<group>"; };
		C5E2C8111B4541EB001498D4 /* CoreDataErrorHandling.h */ = {isa = PBXFileReference; fileEncoding = 4; lastKnownFileType = sourcecode.c.h; path = CoreDataErrorHandling.h; sourceTree = "<group>"; };
		C5E2C8121B4541EB001498D4 /* CoreDataErrorHandling.m */ = {isa = PBXFileReference; fileEncoding = 4; lastKnownFileType = sourcecode.c.objc; path = CoreDataErrorHandling.m; sourceTree = "<group>"; };
		C5E2C8131B4541EB001498D4 /* NSManagedObject+CoreDataHandler.h */ = {isa = PBXFileReference; fileEncoding = 4; lastKnownFileType = sourcecode.c.h; path = "NSManagedObject+CoreDataHandler.h"; sourceTree = "<group>"; };
		C5E2C8141B4541EB001498D4 /* NSManagedObject+CoreDataHandler.m */ = {isa = PBXFileReference; fileEncoding = 4; lastKnownFileType = sourcecode.c.objc; path = "NSManagedObject+CoreDataHandler.m"; sourceTree = "<group>"; };
		C5E2C8151B4541EB001498D4 /* NSManagedObjectContext+Helper.h */ = {isa = PBXFileReference; fileEncoding = 4; lastKnownFileType = sourcecode.c.h; path = "NSManagedObjectContext+Helper.h"; sourceTree = "<group>"; };
		C5E2C8161B4541EB001498D4 /* NSManagedObjectContext+Helper.m */ = {isa = PBXFileReference; fileEncoding = 4; lastKnownFileType = sourcecode.c.objc; path = "NSManagedObjectContext+Helper.m"; sourceTree = "<group>"; };
		C5E6DD411BCA4C910067A364 /* UIColor+colorWithHex.h */ = {isa = PBXFileReference; fileEncoding = 4; lastKnownFileType = sourcecode.c.h; path = "UIColor+colorWithHex.h"; sourceTree = "<group>"; };
		C5E6DD421BCA4C910067A364 /* UIColor+colorWithHex.m */ = {isa = PBXFileReference; fileEncoding = 4; lastKnownFileType = sourcecode.c.objc; path = "UIColor+colorWithHex.m"; sourceTree = "<group>"; };
		C5E6DD431BCA4C910067A364 /* UIImage+ImageColor.h */ = {isa = PBXFileReference; fileEncoding = 4; lastKnownFileType = sourcecode.c.h; path = "UIImage+ImageColor.h"; sourceTree = "<group>"; };
		C5E6DD441BCA4C910067A364 /* UIImage+ImageColor.m */ = {isa = PBXFileReference; fileEncoding = 4; lastKnownFileType = sourcecode.c.objc; path = "UIImage+ImageColor.m"; sourceTree = "<group>"; };
		C5E6DD451BCA4C910067A364 /* UIView+QuickNibs.h */ = {isa = PBXFileReference; fileEncoding = 4; lastKnownFileType = sourcecode.c.h; path = "UIView+QuickNibs.h"; sourceTree = "<group>"; };
		C5E6DD461BCA4C910067A364 /* UIView+QuickNibs.m */ = {isa = PBXFileReference; fileEncoding = 4; lastKnownFileType = sourcecode.c.objc; path = "UIView+QuickNibs.m"; sourceTree = "<group>"; };
/* End PBXFileReference section */

/* Begin PBXFrameworksBuildPhase section */
		C51846DE1B0605BB00A36801 /* Frameworks */ = {
			isa = PBXFrameworksBuildPhase;
			buildActionMask = 2147483647;
			files = (
				C54780A31B0883980006FE37 /* QuartzCore.framework in Frameworks */,
				C54780A51B0883CD0006FE37 /* CoreLocation.framework in Frameworks */,
				C54780BD1B0885F80006FE37 /* Social.framework in Frameworks */,
				C54780BB1B0885F10006FE37 /* Accounts.framework in Frameworks */,
				C54780B91B0884AD0006FE37 /* Parse.framework in Frameworks */,
				C54780B71B08846E0006FE37 /* libsqlite3.dylib in Frameworks */,
				C54780B51B0884620006FE37 /* libz.dylib in Frameworks */,
				C54780B31B08844B0006FE37 /* SystemConfiguration.framework in Frameworks */,
				C54780B11B08843E0006FE37 /* StoreKit.framework in Frameworks */,
				C54780AF1B0884320006FE37 /* Security.framework in Frameworks */,
				C54780AD1B0884210006FE37 /* MobileCoreServices.framework in Frameworks */,
				C54780AB1B08840E0006FE37 /* CoreGraphics.framework in Frameworks */,
				C54780A91B0884000006FE37 /* CFNetwork.framework in Frameworks */,
				C54780A71B0883F70006FE37 /* AudioToolbox.framework in Frameworks */,
				C51847101B062A3700A36801 /* FBSDKLoginKit.framework in Frameworks */,
				C518470F1B062A3600A36801 /* FBSDKCoreKit.framework in Frameworks */,
				C54780BF1B0888030006FE37 /* Bolts.framework in Frameworks */,
				219EFA1CD6375382F983CD0E /* libPods.a in Frameworks */,
			);
			runOnlyForDeploymentPostprocessing = 0;
		};
		C51846FA1B0605BB00A36801 /* Frameworks */ = {
			isa = PBXFrameworksBuildPhase;
			buildActionMask = 2147483647;
			files = (
			);
			runOnlyForDeploymentPostprocessing = 0;
		};
/* End PBXFrameworksBuildPhase section */

/* Begin PBXGroup section */
		15F0F2B7D25B922615A66316 /* Frameworks */ = {
			isa = PBXGroup;
			children = (
				C54780BE1B0888030006FE37 /* Bolts.framework */,
				C54780BC1B0885F80006FE37 /* Social.framework */,
				C54780BA1B0885F10006FE37 /* Accounts.framework */,
				C54780B81B0884AD0006FE37 /* Parse.framework */,
				C54780B61B08846E0006FE37 /* libsqlite3.dylib */,
				C54780B41B0884620006FE37 /* libz.dylib */,
				C54780B21B08844B0006FE37 /* SystemConfiguration.framework */,
				C54780B01B08843E0006FE37 /* StoreKit.framework */,
				C54780AE1B0884320006FE37 /* Security.framework */,
				C54780AC1B0884210006FE37 /* MobileCoreServices.framework */,
				C54780AA1B08840E0006FE37 /* CoreGraphics.framework */,
				C54780A81B0884000006FE37 /* CFNetwork.framework */,
				C54780A61B0883F70006FE37 /* AudioToolbox.framework */,
				C54780A41B0883CD0006FE37 /* CoreLocation.framework */,
				C518470D1B062A3600A36801 /* FBSDKCoreKit.framework */,
				C518470E1B062A3600A36801 /* FBSDKLoginKit.framework */,
				C54780A11B0883520006FE37 /* QuartzCore.framework */,
				010CEBEAE3A45422C98259D0 /* libPods.a */,
			);
			name = Frameworks;
			sourceTree = "<group>";
		};
		C50E5C8A1B381B3E00C18E1F /* ParseServices */ = {
			isa = PBXGroup;
			children = (
				C50E5C8B1B381BCB00C18E1F /* ParseServiceLocator.h */,
				C50E5C8C1B381BCB00C18E1F /* ParseServiceLocator.m */,
			);
			name = ParseServices;
			sourceTree = "<group>";
		};
		C50E5C931B3841EF00C18E1F /* ProgressHud */ = {
			isa = PBXGroup;
			children = (
				C50E5C941B38421800C18E1F /* ProgressHUD.swift */,
			);
			name = ProgressHud;
			sourceTree = "<group>";
		};
		C50E5C991B39A04300C18E1F /* ShowRoom */ = {
			isa = PBXGroup;
			children = (
				C5AF96091CCA22CB009F2E42 /* Animator */,
				C58F12621C01C072001487AD /* StoryBoards */,
				C50E5C931B3841EF00C18E1F /* ProgressHud */,
				C50E5CA21B39A12800C18E1F /* Registration */,
				C50E5CA11B39A11A00C18E1F /* Settings */,
				C50E5CA01B39A10700C18E1F /* PostAid */,
				C50E5C9F1B39A0D600C18E1F /* Favourite */,
				C50E5C9E1B39A0B700C18E1F /* MAPView */,
				C50E5C9D1B39A09400C18E1F /* MyChoice */,
				C50E5C9C1B39A08100C18E1F /* Launching */,
				C50E5C9B1B39A06700C18E1F /* Home */,
			);
			name = ShowRoom;
			sourceTree = "<group>";
		};
		C50E5C9A1B39A05400C18E1F /* BackOffice */ = {
			isa = PBXGroup;
			children = (
				C58F126B1C027954001487AD /* GlobalDefinations */,
				C58F12681C022E16001487AD /* LocationService */,
				C5A80A781BE4C3F4008AC817 /* Extension */,
				C5E6DD401BCA4C910067A364 /* Category */,
				C540305C1BC595E000917D44 /* GeoCoder */,
				C5DCEEC31B4AC0DE0093EFB5 /* Model */,
				C5DCEEBD1B4573800093EFB5 /* HireACook.xcdatamodeld */,
				C5E2C8101B4541EB001498D4 /* CoreDataHandler */,
				C50E5C8A1B381B3E00C18E1F /* ParseServices */,
				C5A80A7B1BE637E8008AC817 /* ValidationUtility.swift */,
			);
			name = BackOffice;
			sourceTree = "<group>";
		};
		C50E5C9B1B39A06700C18E1F /* Home */ = {
			isa = PBXGroup;
			children = (
				C50E5CA61B3DA79100C18E1F /* SACollectionViewVerticalScalingFlowLayout */,
				C51846EB1B0605BB00A36801 /* HomeViewController.h */,
				C51846EC1B0605BB00A36801 /* HomeViewController.m */,
				C549BF671B7B85F900B817CC /* DisplayRecordView.h */,
				C549BF681B7B85F900B817CC /* DisplayRecordView.m */,
				C549BF6A1B7B861C00B817CC /* DisplayRecordView.xib */,
				C5AF960F1CCA322F009F2E42 /* HomeTitleView.h */,
				C5AF96101CCA322F009F2E42 /* HomeTitleView.m */,
			);
			name = Home;
			sourceTree = "<group>";
		};
		C50E5C9C1B39A08100C18E1F /* Launching */ = {
			isa = PBXGroup;
			children = (
				C50E5C911B38284A00C18E1F /* LaunchingViewController.swift */,
			);
			name = Launching;
			sourceTree = "<group>";
		};
		C50E5C9D1B39A09400C18E1F /* MyChoice */ = {
			isa = PBXGroup;
			children = (
				C51846EE1B0605BB00A36801 /* MyChoiceViewController.h */,
				C51846EF1B0605BB00A36801 /* MyChoiceViewController.m */,
			);
			name = MyChoice;
			sourceTree = "<group>";
		};
		C50E5C9E1B39A0B700C18E1F /* MAPView */ = {
			isa = PBXGroup;
			children = (
				C50E5C811B32DC7900C18E1F /* MapViewController.swift */,
			);
			name = MAPView;
			sourceTree = "<group>";
		};
		C50E5C9F1B39A0D600C18E1F /* Favourite */ = {
			isa = PBXGroup;
			children = (
				C50E5C831B32DE4E00C18E1F /* FavViewController.swift */,
			);
			name = Favourite;
			sourceTree = "<group>";
		};
		C50E5CA01B39A10700C18E1F /* PostAid */ = {
			isa = PBXGroup;
			children = (
				C50E5C871B32E26500C18E1F /* PostAddViewController.swift */,
			);
			name = PostAid;
			sourceTree = "<group>";
		};
		C50E5CA11B39A11A00C18E1F /* Settings */ = {
			isa = PBXGroup;
			children = (
				C50E5C851B32DE6400C18E1F /* SettingsViewController.swift */,
			);
			name = Settings;
			sourceTree = "<group>";
		};
		C50E5CA21B39A12800C18E1F /* Registration */ = {
			isa = PBXGroup;
			children = (
				C50E5C961B38707000C18E1F /* RegistrationViewController.h */,
				C50E5C971B38707000C18E1F /* RegistrationViewController.m */,
			);
			name = Registration;
			sourceTree = "<group>";
		};
		C50E5CA61B3DA79100C18E1F /* SACollectionViewVerticalScalingFlowLayout */ = {
			isa = PBXGroup;
			children = (
				C50E5CA71B3DA79100C18E1F /* SACollectionViewVerticalScalingCell.h */,
				C50E5CA81B3DA79100C18E1F /* SACollectionViewVerticalScalingCell.m */,
				C50E5CA91B3DA79100C18E1F /* SACollectionViewVerticalScalingFlowLayout.h */,
				C50E5CAA1B3DA79100C18E1F /* SACollectionViewVerticalScalingFlowLayout.m */,
			);
			path = SACollectionViewVerticalScalingFlowLayout;
			sourceTree = "<group>";
		};
		C51846D81B0605BB00A36801 = {
			isa = PBXGroup;
			children = (
				C54780C51B0E11570006FE37 /* HireACook.xcassets */,
				C51846E31B0605BB00A36801 /* HireACook */,
				C51847001B0605BB00A36801 /* HireACookTests */,
				C51846E21B0605BB00A36801 /* Products */,
				F21F777717AA8FAE2A2F1063 /* Pods */,
				15F0F2B7D25B922615A66316 /* Frameworks */,
			);
			sourceTree = "<group>";
		};
		C51846E21B0605BB00A36801 /* Products */ = {
			isa = PBXGroup;
			children = (
				C51846E11B0605BB00A36801 /* HireACook.app */,
				C51846FD1B0605BB00A36801 /* HireACookTests.xctest */,
			);
			name = Products;
			sourceTree = "<group>";
		};
		C51846E31B0605BB00A36801 /* HireACook */ = {
			isa = PBXGroup;
			children = (
				C58F12671C01CFAA001487AD /* Delegate */,
				C50E5C9A1B39A05400C18E1F /* BackOffice */,
				C50E5C991B39A04300C18E1F /* ShowRoom */,
				C50E5C801B32DC7800C18E1F /* HireACook-Bridging-Header.h */,
				C51846F61B0605BB00A36801 /* LaunchScreen.xib */,
				C51846E41B0605BB00A36801 /* Supporting Files */,
			);
			path = HireACook;
			sourceTree = "<group>";
		};
		C51846E41B0605BB00A36801 /* Supporting Files */ = {
			isa = PBXGroup;
			children = (
				C51846E51B0605BB00A36801 /* Info.plist */,
				C51846E61B0605BB00A36801 /* main.m */,
				C5DCEED61B4AD7BB0093EFB5 /* HireACook-PrefixHeader.pch */,
			);
			name = "Supporting Files";
			sourceTree = "<group>";
		};
		C51847001B0605BB00A36801 /* HireACookTests */ = {
			isa = PBXGroup;
			children = (
				C51847031B0605BB00A36801 /* HireACookTests.m */,
				C51847011B0605BB00A36801 /* Supporting Files */,
			);
			path = HireACookTests;
			sourceTree = "<group>";
		};
		C51847011B0605BB00A36801 /* Supporting Files */ = {
			isa = PBXGroup;
			children = (
				C51847021B0605BB00A36801 /* Info.plist */,
			);
			name = "Supporting Files";
			sourceTree = "<group>";
		};
		C540305C1BC595E000917D44 /* GeoCoder */ = {
			isa = PBXGroup;
			children = (
				C50E5C8E1B3820C600C18E1F /* GeoCoderService.h */,
				C50E5C8F1B3820C600C18E1F /* GeoCoderService.m */,
			);
			name = GeoCoder;
			sourceTree = "<group>";
		};
		C58F12621C01C072001487AD /* StoryBoards */ = {
			isa = PBXGroup;
			children = (
				C51846F11B0605BB00A36801 /* Main.storyboard */,
				C58F12631C01C095001487AD /* MapStoryboard.storyboard */,
				C58F12651C01C8A6001487AD /* FevStoryboard.storyboard */,
			);
			name = StoryBoards;
			sourceTree = "<group>";
		};
		C58F12671C01CFAA001487AD /* Delegate */ = {
			isa = PBXGroup;
			children = (
				C51846E81B0605BB00A36801 /* AppDelegate.h */,
				C51846E91B0605BB00A36801 /* AppDelegate.m */,
			);
			name = Delegate;
			sourceTree = "<group>";
		};
		C58F12681C022E16001487AD /* LocationService */ = {
			isa = PBXGroup;
			children = (
				C58F12691C022E52001487AD /* CoreLocationService.swift */,
			);
			name = LocationService;
			sourceTree = "<group>";
		};
		C58F126B1C027954001487AD /* GlobalDefinations */ = {
			isa = PBXGroup;
			children = (
			);
			name = GlobalDefinations;
			sourceTree = "<group>";
		};
		C5A80A781BE4C3F4008AC817 /* Extension */ = {
			isa = PBXGroup;
			children = (
				C5A80A791BE4C426008AC817 /* UIViewExtensionAnimation.swift */,
			);
			path = Extension;
			sourceTree = "<group>";
		};
		C5AF96091CCA22CB009F2E42 /* Animator */ = {
			isa = PBXGroup;
			children = (
				C5AF960A1CCA22F9009F2E42 /* GeneralFadeAnimator.swift */,
			);
			name = Animator;
			sourceTree = "<group>";
		};
		C5DCEEC31B4AC0DE0093EFB5 /* Model */ = {
			isa = PBXGroup;
			children = (
				C5DB4F301B5035DC00464E28 /* ProviderData.h */,
				C5DB4F311B5035DC00464E28 /* ProviderData.m */,
				C5DCEECD1B4AC1F00093EFB5 /* Providermedia.h */,
				C5DCEECE1B4AC1F00093EFB5 /* Providermedia.m */,
				C5DB4F331B5107A900464E28 /* GeoPoints.h */,
				C5DB4F341B5107A900464E28 /* GeoPoints.m */,
			);
			name = Model;
			sourceTree = "<group>";
		};
		C5E2C8101B4541EB001498D4 /* CoreDataHandler */ = {
			isa = PBXGroup;
			children = (
				C5E2C8111B4541EB001498D4 /* CoreDataErrorHandling.h */,
				C5E2C8121B4541EB001498D4 /* CoreDataErrorHandling.m */,
				C5E2C8131B4541EB001498D4 /* NSManagedObject+CoreDataHandler.h */,
				C5E2C8141B4541EB001498D4 /* NSManagedObject+CoreDataHandler.m */,
				C5E2C8151B4541EB001498D4 /* NSManagedObjectContext+Helper.h */,
				C5E2C8161B4541EB001498D4 /* NSManagedObjectContext+Helper.m */,
				C5DCEEC01B4595920093EFB5 /* CoreDataOperation.h */,
				C5DCEEC11B4595920093EFB5 /* CoreDataOperation.m */,
			);
			path = CoreDataHandler;
			sourceTree = "<group>";
		};
		C5E6DD401BCA4C910067A364 /* Category */ = {
			isa = PBXGroup;
			children = (
				C5E6DD411BCA4C910067A364 /* UIColor+colorWithHex.h */,
				C5E6DD421BCA4C910067A364 /* UIColor+colorWithHex.m */,
				C5E6DD431BCA4C910067A364 /* UIImage+ImageColor.h */,
				C5E6DD441BCA4C910067A364 /* UIImage+ImageColor.m */,
				C5E6DD451BCA4C910067A364 /* UIView+QuickNibs.h */,
				C5E6DD461BCA4C910067A364 /* UIView+QuickNibs.m */,
			);
			path = Category;
			sourceTree = "<group>";
		};
		F21F777717AA8FAE2A2F1063 /* Pods */ = {
			isa = PBXGroup;
			children = (
				781880C1AB7B387FB986835A /* Pods.debug.xcconfig */,
				22B15C0A2018B0AF5E50844D /* Pods.release.xcconfig */,
			);
			name = Pods;
			sourceTree = "<group>";
		};
/* End PBXGroup section */

/* Begin PBXNativeTarget section */
		C51846E01B0605BB00A36801 /* HireACook */ = {
			isa = PBXNativeTarget;
			buildConfigurationList = C51847071B0605BB00A36801 /* Build configuration list for PBXNativeTarget "HireACook" */;
			buildPhases = (
				C25A4D5108A404AF93EE8A0A /* Check Pods Manifest.lock */,
				C51846DD1B0605BB00A36801 /* Sources */,
				C51846DE1B0605BB00A36801 /* Frameworks */,
				C51846DF1B0605BB00A36801 /* Resources */,
				2706803125A8F3A6E4598E8E /* Copy Pods Resources */,
				5C4E641CF16A4ABAB654B54D /* Embed Pods Frameworks */,
			);
			buildRules = (
			);
			dependencies = (
			);
			name = HireACook;
			productName = HireACook;
			productReference = C51846E11B0605BB00A36801 /* HireACook.app */;
			productType = "com.apple.product-type.application";
		};
		C51846FC1B0605BB00A36801 /* HireACookTests */ = {
			isa = PBXNativeTarget;
			buildConfigurationList = C518470A1B0605BB00A36801 /* Build configuration list for PBXNativeTarget "HireACookTests" */;
			buildPhases = (
				C51846F91B0605BB00A36801 /* Sources */,
				C51846FA1B0605BB00A36801 /* Frameworks */,
				C51846FB1B0605BB00A36801 /* Resources */,
			);
			buildRules = (
			);
			dependencies = (
				C51846FF1B0605BB00A36801 /* PBXTargetDependency */,
			);
			name = HireACookTests;
			productName = HireACookTests;
			productReference = C51846FD1B0605BB00A36801 /* HireACookTests.xctest */;
			productType = "com.apple.product-type.bundle.unit-test";
		};
/* End PBXNativeTarget section */

/* Begin PBXProject section */
		C51846D91B0605BB00A36801 /* Project object */ = {
			isa = PBXProject;
			attributes = {
				LastSwiftMigration = 0700;
				LastSwiftUpdateCheck = 0700;
				LastUpgradeCheck = 0700;
				ORGANIZATIONNAME = "Suman Chatterjee";
				TargetAttributes = {
					C51846E01B0605BB00A36801 = {
						CreatedOnToolsVersion = 6.3;
						DevelopmentTeam = 8VT29F6R7U;
						LastSwiftMigration = 0810;
					};
					C51846FC1B0605BB00A36801 = {
						CreatedOnToolsVersion = 6.3;
						TestTargetID = C51846E01B0605BB00A36801;
					};
				};
			};
			buildConfigurationList = C51846DC1B0605BB00A36801 /* Build configuration list for PBXProject "HireACook" */;
			compatibilityVersion = "Xcode 3.2";
			developmentRegion = English;
			hasScannedForEncodings = 0;
			knownRegions = (
				en,
				Base,
			);
			mainGroup = C51846D81B0605BB00A36801;
			productRefGroup = C51846E21B0605BB00A36801 /* Products */;
			projectDirPath = "";
			projectRoot = "";
			targets = (
				C51846E01B0605BB00A36801 /* HireACook */,
				C51846FC1B0605BB00A36801 /* HireACookTests */,
			);
		};
/* End PBXProject section */

/* Begin PBXResourcesBuildPhase section */
		C51846DF1B0605BB00A36801 /* Resources */ = {
			isa = PBXResourcesBuildPhase;
			buildActionMask = 2147483647;
			files = (
				C58F12641C01C095001487AD /* MapStoryboard.storyboard in Resources */,
				C51846F31B0605BB00A36801 /* Main.storyboard in Resources */,
				C51846F81B0605BB00A36801 /* LaunchScreen.xib in Resources */,
				C549BF6B1B7B861C00B817CC /* DisplayRecordView.xib in Resources */,
				C54780C61B0E11570006FE37 /* HireACook.xcassets in Resources */,
				C58F12661C01C8A6001487AD /* FevStoryboard.storyboard in Resources */,
			);
			runOnlyForDeploymentPostprocessing = 0;
		};
		C51846FB1B0605BB00A36801 /* Resources */ = {
			isa = PBXResourcesBuildPhase;
			buildActionMask = 2147483647;
			files = (
			);
			runOnlyForDeploymentPostprocessing = 0;
		};
/* End PBXResourcesBuildPhase section */

/* Begin PBXShellScriptBuildPhase section */
		2706803125A8F3A6E4598E8E /* Copy Pods Resources */ = {
			isa = PBXShellScriptBuildPhase;
			buildActionMask = 2147483647;
			files = (
			);
			inputPaths = (
			);
			name = "Copy Pods Resources";
			outputPaths = (
			);
			runOnlyForDeploymentPostprocessing = 0;
			shellPath = /bin/sh;
			shellScript = "\"${SRCROOT}/Pods/Target Support Files/Pods/Pods-resources.sh\"\n";
			showEnvVarsInLog = 0;
		};
		5C4E641CF16A4ABAB654B54D /* Embed Pods Frameworks */ = {
			isa = PBXShellScriptBuildPhase;
			buildActionMask = 2147483647;
			files = (
			);
			inputPaths = (
			);
			name = "Embed Pods Frameworks";
			outputPaths = (
			);
			runOnlyForDeploymentPostprocessing = 0;
			shellPath = /bin/sh;
			shellScript = "\"${SRCROOT}/Pods/Target Support Files/Pods/Pods-frameworks.sh\"\n";
			showEnvVarsInLog = 0;
		};
		C25A4D5108A404AF93EE8A0A /* Check Pods Manifest.lock */ = {
			isa = PBXShellScriptBuildPhase;
			buildActionMask = 2147483647;
			files = (
			);
			inputPaths = (
			);
			name = "Check Pods Manifest.lock";
			outputPaths = (
			);
			runOnlyForDeploymentPostprocessing = 0;
			shellPath = /bin/sh;
			shellScript = "diff \"${PODS_ROOT}/../Podfile.lock\" \"${PODS_ROOT}/Manifest.lock\" > /dev/null\nif [[ $? != 0 ]] ; then\n    cat << EOM\nerror: The sandbox is not in sync with the Podfile.lock. Run 'pod install' or update your CocoaPods installation.\nEOM\n    exit 1\nfi\n";
			showEnvVarsInLog = 0;
		};
/* End PBXShellScriptBuildPhase section */

/* Begin PBXSourcesBuildPhase section */
		C51846DD1B0605BB00A36801 /* Sources */ = {
			isa = PBXSourcesBuildPhase;
			buildActionMask = 2147483647;
			files = (
				C50E5C841B32DE4E00C18E1F /* FavViewController.swift in Sources */,
				C5DCEEC21B4595920093EFB5 /* CoreDataOperation.m in Sources */,
				C51846F01B0605BB00A36801 /* MyChoiceViewController.m in Sources */,
				C58F126A1C022E52001487AD /* CoreLocationService.swift in Sources */,
				C5E2C8171B4541EB001498D4 /* CoreDataErrorHandling.m in Sources */,
				C549BF691B7B85F900B817CC /* DisplayRecordView.m in Sources */,
				C5E2C8181B4541EB001498D4 /* NSManagedObject+CoreDataHandler.m in Sources */,
				C50E5CAC1B3DA79100C18E1F /* SACollectionViewVerticalScalingFlowLayout.m in Sources */,
				C5DB4F321B5035DC00464E28 /* ProviderData.m in Sources */,
				C5A80A7C1BE637E8008AC817 /* ValidationUtility.swift in Sources */,
				C50E5C951B38421800C18E1F /* ProgressHUD.swift in Sources */,
				C50E5C861B32DE6400C18E1F /* SettingsViewController.swift in Sources */,
				C50E5C921B38284A00C18E1F /* LaunchingViewController.swift in Sources */,
				C51846EA1B0605BB00A36801 /* AppDelegate.m in Sources */,
				C5AF960B1CCA22F9009F2E42 /* GeneralFadeAnimator.swift in Sources */,
				C50E5C881B32E26500C18E1F /* PostAddViewController.swift in Sources */,
				C5AF96111CCA322F009F2E42 /* HomeTitleView.m in Sources */,
				C50E5C901B3820C600C18E1F /* GeoCoderService.m in Sources */,
				C51846ED1B0605BB00A36801 /* HomeViewController.m in Sources */,
				C5A80A7A1BE4C426008AC817 /* UIViewExtensionAnimation.swift in Sources */,
				C50E5CAB1B3DA79100C18E1F /* SACollectionViewVerticalScalingCell.m in Sources */,
				C5DB4F351B5107A900464E28 /* GeoPoints.m in Sources */,
				C50E5C821B32DC7900C18E1F /* MapViewController.swift in Sources */,
				C5E6DD471BCA4C910067A364 /* UIColor+colorWithHex.m in Sources */,
				C5DCEED31B4AC1F00093EFB5 /* Providermedia.m in Sources */,
				C50E5C8D1B381BCB00C18E1F /* ParseServiceLocator.m in Sources */,
				C5E6DD481BCA4C910067A364 /* UIImage+ImageColor.m in Sources */,
				C5DCEEBF1B4573800093EFB5 /* HireACook.xcdatamodeld in Sources */,
				C5E6DD491BCA4C910067A364 /* UIView+QuickNibs.m in Sources */,
				C5E2C8191B4541EB001498D4 /* NSManagedObjectContext+Helper.m in Sources */,
				C50E5C981B38707000C18E1F /* RegistrationViewController.m in Sources */,
				C51846E71B0605BB00A36801 /* main.m in Sources */,
			);
			runOnlyForDeploymentPostprocessing = 0;
		};
		C51846F91B0605BB00A36801 /* Sources */ = {
			isa = PBXSourcesBuildPhase;
			buildActionMask = 2147483647;
			files = (
				C51847041B0605BB00A36801 /* HireACookTests.m in Sources */,
			);
			runOnlyForDeploymentPostprocessing = 0;
		};
/* End PBXSourcesBuildPhase section */

/* Begin PBXTargetDependency section */
		C51846FF1B0605BB00A36801 /* PBXTargetDependency */ = {
			isa = PBXTargetDependency;
			target = C51846E01B0605BB00A36801 /* HireACook */;
			targetProxy = C51846FE1B0605BB00A36801 /* PBXContainerItemProxy */;
		};
/* End PBXTargetDependency section */

/* Begin PBXVariantGroup section */
		C51846F11B0605BB00A36801 /* Main.storyboard */ = {
			isa = PBXVariantGroup;
			children = (
				C51846F21B0605BB00A36801 /* Base */,
			);
			name = Main.storyboard;
			sourceTree = "<group>";
		};
		C51846F61B0605BB00A36801 /* LaunchScreen.xib */ = {
			isa = PBXVariantGroup;
			children = (
				C51846F71B0605BB00A36801 /* Base */,
			);
			name = LaunchScreen.xib;
			sourceTree = "<group>";
		};
/* End PBXVariantGroup section */

/* Begin XCBuildConfiguration section */
		C51847051B0605BB00A36801 /* Debug */ = {
			isa = XCBuildConfiguration;
			buildSettings = {
				ALWAYS_SEARCH_USER_PATHS = NO;
				CLANG_CXX_LANGUAGE_STANDARD = "gnu++0x";
				CLANG_CXX_LIBRARY = "libc++";
				CLANG_ENABLE_MODULES = YES;
				CLANG_ENABLE_OBJC_ARC = YES;
				CLANG_WARN_BOOL_CONVERSION = YES;
				CLANG_WARN_CONSTANT_CONVERSION = YES;
				CLANG_WARN_DIRECT_OBJC_ISA_USAGE = YES_ERROR;
				CLANG_WARN_EMPTY_BODY = YES;
				CLANG_WARN_ENUM_CONVERSION = YES;
				CLANG_WARN_INT_CONVERSION = YES;
				CLANG_WARN_OBJC_ROOT_CLASS = YES_ERROR;
				CLANG_WARN_UNREACHABLE_CODE = YES;
				CLANG_WARN__DUPLICATE_METHOD_MATCH = YES;
				"CODE_SIGN_IDENTITY[sdk=iphoneos*]" = "iPhone Developer";
				COPY_PHASE_STRIP = NO;
				DEBUG_INFORMATION_FORMAT = "dwarf-with-dsym";
				ENABLE_STRICT_OBJC_MSGSEND = YES;
				ENABLE_TESTABILITY = YES;
				GCC_C_LANGUAGE_STANDARD = gnu99;
				GCC_DYNAMIC_NO_PIC = NO;
				GCC_NO_COMMON_BLOCKS = YES;
				GCC_OPTIMIZATION_LEVEL = 0;
				GCC_PREPROCESSOR_DEFINITIONS = (
					"DEBUG=1",
					"$(inherited)",
				);
				GCC_SYMBOLS_PRIVATE_EXTERN = NO;
				GCC_WARN_64_TO_32_BIT_CONVERSION = YES;
				GCC_WARN_ABOUT_RETURN_TYPE = YES_ERROR;
				GCC_WARN_UNDECLARED_SELECTOR = YES;
				GCC_WARN_UNINITIALIZED_AUTOS = YES_AGGRESSIVE;
				GCC_WARN_UNUSED_FUNCTION = YES;
				GCC_WARN_UNUSED_VARIABLE = YES;
				IPHONEOS_DEPLOYMENT_TARGET = 8.3;
				MTL_ENABLE_DEBUG_INFO = YES;
				ONLY_ACTIVE_ARCH = YES;
				SDKROOT = iphoneos;
				TARGETED_DEVICE_FAMILY = "1,2";
			};
			name = Debug;
		};
		C51847061B0605BB00A36801 /* Release */ = {
			isa = XCBuildConfiguration;
			buildSettings = {
				ALWAYS_SEARCH_USER_PATHS = NO;
				CLANG_CXX_LANGUAGE_STANDARD = "gnu++0x";
				CLANG_CXX_LIBRARY = "libc++";
				CLANG_ENABLE_MODULES = YES;
				CLANG_ENABLE_OBJC_ARC = YES;
				CLANG_WARN_BOOL_CONVERSION = YES;
				CLANG_WARN_CONSTANT_CONVERSION = YES;
				CLANG_WARN_DIRECT_OBJC_ISA_USAGE = YES_ERROR;
				CLANG_WARN_EMPTY_BODY = YES;
				CLANG_WARN_ENUM_CONVERSION = YES;
				CLANG_WARN_INT_CONVERSION = YES;
				CLANG_WARN_OBJC_ROOT_CLASS = YES_ERROR;
				CLANG_WARN_UNREACHABLE_CODE = YES;
				CLANG_WARN__DUPLICATE_METHOD_MATCH = YES;
				"CODE_SIGN_IDENTITY[sdk=iphoneos*]" = "iPhone Developer";
				COPY_PHASE_STRIP = NO;
				DEBUG_INFORMATION_FORMAT = "dwarf-with-dsym";
				ENABLE_NS_ASSERTIONS = NO;
				ENABLE_STRICT_OBJC_MSGSEND = YES;
				GCC_C_LANGUAGE_STANDARD = gnu99;
				GCC_NO_COMMON_BLOCKS = YES;
				GCC_WARN_64_TO_32_BIT_CONVERSION = YES;
				GCC_WARN_ABOUT_RETURN_TYPE = YES_ERROR;
				GCC_WARN_UNDECLARED_SELECTOR = YES;
				GCC_WARN_UNINITIALIZED_AUTOS = YES_AGGRESSIVE;
				GCC_WARN_UNUSED_FUNCTION = YES;
				GCC_WARN_UNUSED_VARIABLE = YES;
				IPHONEOS_DEPLOYMENT_TARGET = 8.3;
				MTL_ENABLE_DEBUG_INFO = NO;
				SDKROOT = iphoneos;
				TARGETED_DEVICE_FAMILY = "1,2";
				VALIDATE_PRODUCT = YES;
			};
			name = Release;
		};
		C51847081B0605BB00A36801 /* Debug */ = {
			isa = XCBuildConfiguration;
			baseConfigurationReference = 781880C1AB7B387FB986835A /* Pods.debug.xcconfig */;
			buildSettings = {
				ASSETCATALOG_COMPILER_APPICON_NAME = AppIcon;
				CLANG_ENABLE_MODULES = YES;
				CODE_SIGN_IDENTITY = "iPhone Distribution: Suman Chatterjee (8VT29F6R7U)";
				"CODE_SIGN_IDENTITY[sdk=iphoneos*]" = "iPhone Distribution: Suman Chatterjee (8VT29F6R7U)";
				EMBEDDED_CONTENT_CONTAINS_SWIFT = YES;
				ENABLE_BITCODE = NO;
				FRAMEWORK_SEARCH_PATHS = (
					"$(inherited)",
					"$(PROJECT_DIR)",
				);
				GCC_PRECOMPILE_PREFIX_HEADER = YES;
				GCC_PREFIX_HEADER = "$(SRCROOT)/$(PROJECT_NAME)/HireACook-PrefixHeader.pch";
				INFOPLIST_FILE = HireACook/Info.plist;
				IPHONEOS_DEPLOYMENT_TARGET = 9.0;
				LD_RUNPATH_SEARCH_PATHS = "$(inherited) @executable_path/Frameworks";
				PRODUCT_BUNDLE_IDENTIFIER = "com.dreamapps.$(PRODUCT_NAME:rfc1034identifier)";
				PRODUCT_NAME = "$(TARGET_NAME)";
				PROVISIONING_PROFILE = "7ce68065-6032-4d62-a62a-99ae6704d215";
				SWIFT_OBJC_BRIDGING_HEADER = "HireACook/HireACook-Bridging-Header.h";
				SWIFT_OPTIMIZATION_LEVEL = "-Onone";
				SWIFT_VERSION = 2.3;
				TARGETED_DEVICE_FAMILY = "1,2";
			};
			name = Debug;
		};
		C51847091B0605BB00A36801 /* Release */ = {
			isa = XCBuildConfiguration;
			baseConfigurationReference = 22B15C0A2018B0AF5E50844D /* Pods.release.xcconfig */;
			buildSettings = {
				ASSETCATALOG_COMPILER_APPICON_NAME = AppIcon;
				CLANG_ENABLE_MODULES = YES;
				CODE_SIGN_IDENTITY = "iPhone Distribution: Suman Chatterjee (8VT29F6R7U)";
				"CODE_SIGN_IDENTITY[sdk=iphoneos*]" = "iPhone Distribution: Suman Chatterjee (8VT29F6R7U)";
				EMBEDDED_CONTENT_CONTAINS_SWIFT = YES;
				ENABLE_BITCODE = NO;
				FRAMEWORK_SEARCH_PATHS = (
					"$(inherited)",
					"$(PROJECT_DIR)",
				);
				GCC_PRECOMPILE_PREFIX_HEADER = YES;
				GCC_PREFIX_HEADER = "$(SRCROOT)/$(PROJECT_NAME)/HireACook-PrefixHeader.pch";
				INFOPLIST_FILE = HireACook/Info.plist;
				IPHONEOS_DEPLOYMENT_TARGET = 9.0;
				LD_RUNPATH_SEARCH_PATHS = "$(inherited) @executable_path/Frameworks";
				PRODUCT_BUNDLE_IDENTIFIER = "com.dreamapps.$(PRODUCT_NAME:rfc1034identifier)";
				PRODUCT_NAME = "$(TARGET_NAME)";
				PROVISIONING_PROFILE = "7ce68065-6032-4d62-a62a-99ae6704d215";
				SWIFT_OBJC_BRIDGING_HEADER = "HireACook/HireACook-Bridging-Header.h";
				SWIFT_VERSION = 2.3;
				TARGETED_DEVICE_FAMILY = "1,2";
			};
			name = Release;
		};
		C518470B1B0605BB00A36801 /* Debug */ = {
			isa = XCBuildConfiguration;
			buildSettings = {
				BUNDLE_LOADER = "$(TEST_HOST)";
				FRAMEWORK_SEARCH_PATHS = (
					"$(SDKROOT)/Developer/Library/Frameworks",
					"$(inherited)",
				);
				GCC_PREPROCESSOR_DEFINITIONS = (
					"DEBUG=1",
					"$(inherited)",
				);
				INFOPLIST_FILE = HireACookTests/Info.plist;
				LD_RUNPATH_SEARCH_PATHS = "$(inherited) @executable_path/Frameworks @loader_path/Frameworks";
				PRODUCT_BUNDLE_IDENTIFIER = "dreamapps.$(PRODUCT_NAME:rfc1034identifier)";
				PRODUCT_NAME = "$(TARGET_NAME)";
				TEST_HOST = "$(BUILT_PRODUCTS_DIR)/HireACook.app/HireACook";
			};
			name = Debug;
		};
		C518470C1B0605BB00A36801 /* Release */ = {
			isa = XCBuildConfiguration;
			buildSettings = {
				BUNDLE_LOADER = "$(TEST_HOST)";
				FRAMEWORK_SEARCH_PATHS = (
					"$(SDKROOT)/Developer/Library/Frameworks",
					"$(inherited)",
				);
				INFOPLIST_FILE = HireACookTests/Info.plist;
				LD_RUNPATH_SEARCH_PATHS = "$(inherited) @executable_path/Frameworks @loader_path/Frameworks";
				PRODUCT_BUNDLE_IDENTIFIER = "dreamapps.$(PRODUCT_NAME:rfc1034identifier)";
				PRODUCT_NAME = "$(TARGET_NAME)";
				TEST_HOST = "$(BUILT_PRODUCTS_DIR)/HireACook.app/HireACook";
			};
			name = Release;
		};
/* End XCBuildConfiguration section */

/* Begin XCConfigurationList section */
		C51846DC1B0605BB00A36801 /* Build configuration list for PBXProject "HireACook" */ = {
			isa = XCConfigurationList;
			buildConfigurations = (
				C51847051B0605BB00A36801 /* Debug */,
				C51847061B0605BB00A36801 /* Release */,
			);
			defaultConfigurationIsVisible = 0;
			defaultConfigurationName = Release;
		};
		C51847071B0605BB00A36801 /* Build configuration list for PBXNativeTarget "HireACook" */ = {
			isa = XCConfigurationList;
			buildConfigurations = (
				C51847081B0605BB00A36801 /* Debug */,
				C51847091B0605BB00A36801 /* Release */,
			);
			defaultConfigurationIsVisible = 0;
			defaultConfigurationName = Release;
		};
		C518470A1B0605BB00A36801 /* Build configuration list for PBXNativeTarget "HireACookTests" */ = {
			isa = XCConfigurationList;
			buildConfigurations = (
				C518470B1B0605BB00A36801 /* Debug */,
				C518470C1B0605BB00A36801 /* Release */,
			);
			defaultConfigurationIsVisible = 0;
			defaultConfigurationName = Release;
		};
/* End XCConfigurationList section */

/* Begin XCVersionGroup section */
		C5DCEEBD1B4573800093EFB5 /* HireACook.xcdatamodeld */ = {
			isa = XCVersionGroup;
			children = (
				C5DCEEBE1B4573800093EFB5 /* HireACook.xcdatamodel */,
			);
			currentVersion = C5DCEEBE1B4573800093EFB5 /* HireACook.xcdatamodel */;
			path = HireACook.xcdatamodeld;
			sourceTree = SOURCE_ROOT;
			versionGroupType = wrapper.xcdatamodel;
		};
/* End XCVersionGroup section */
	};
	rootObject = C51846D91B0605BB00A36801 /* Project object */;
}
